// !$*UTF8*$!
{
	archiveVersion = 1;
	classes = {
	};
	objectVersion = 52;
	objects = {

/* Begin PBXBuildFile section */
		1B06EA461FED710C00E430AA /* UITableViewExtensions.swift in Sources */ = {isa = PBXBuildFile; fileRef = 1B06EA451FED710C00E430AA /* UITableViewExtensions.swift */; };
		1B0AD7F32A2AA132006AB307 /* ShoeStore.swift in Sources */ = {isa = PBXBuildFile; fileRef = 1B0AD7F22A2AA132006AB307 /* ShoeStore.swift */; };
		1B0AD7F52A2CE7C2006AB307 /* ViewExtensions.swift in Sources */ = {isa = PBXBuildFile; fileRef = 1B0AD7F42A2CE7C2006AB307 /* ViewExtensions.swift */; };
		1B0AD7F72A2F7FDB006AB307 /* HistorySectionView.swift in Sources */ = {isa = PBXBuildFile; fileRef = 1B0AD7F62A2F7FDB006AB307 /* HistorySectionView.swift */; };
		1B0AD7FA2A2FA76B006AB307 /* EditShoesView.swift in Sources */ = {isa = PBXBuildFile; fileRef = 1B0AD7F92A2FA76B006AB307 /* EditShoesView.swift */; };
		1B0AD7FC2A2FC49A006AB307 /* UserSettings.swift in Sources */ = {isa = PBXBuildFile; fileRef = 1B0AD7FB2A2FC49A006AB307 /* UserSettings.swift */; };
		1B0AD7FF2A30EA56006AB307 /* HallOfFameView.swift in Sources */ = {isa = PBXBuildFile; fileRef = 1B0AD7FE2A30EA56006AB307 /* HallOfFameView.swift */; };
		1B0AD8022A3123CA006AB307 /* SettingsView.swift in Sources */ = {isa = PBXBuildFile; fileRef = 1B0AD8012A3123CA006AB307 /* SettingsView.swift */; };
		1B0AD8042A33DFDA006AB307 /* ShoeCycleSection.swift in Sources */ = {isa = PBXBuildFile; fileRef = 1B0AD8032A33DFDA006AB307 /* ShoeCycleSection.swift */; };
		1B0D52132A5345A7001D3DB9 /* CameraPickerView.swift in Sources */ = {isa = PBXBuildFile; fileRef = 1B0D52122A5345A7001D3DB9 /* CameraPickerView.swift */; };
		1B0D52152A53683C001D3DB9 /* ShoeImage.swift in Sources */ = {isa = PBXBuildFile; fileRef = 1B0D52142A53683C001D3DB9 /* ShoeImage.swift */; };
		1B1169751B0C3449004B1A0D /* StravaActivity+DistanceConversion.m in Sources */ = {isa = PBXBuildFile; fileRef = 1B1169741B0C3449004B1A0D /* StravaActivity+DistanceConversion.m */; };
		1B1738DF2A06A2A2006D632D /* AddDistanceView.swift in Sources */ = {isa = PBXBuildFile; fileRef = 1B1738DE2A06A2A2006D632D /* AddDistanceView.swift */; };
		1B1738E12A06BBA2006D632D /* ColorExtension.swift in Sources */ = {isa = PBXBuildFile; fileRef = 1B1738E02A06BBA2006D632D /* ColorExtension.swift */; };
		1B1738F72A15422C006D632D /* ShoeCycleProgressView.swift in Sources */ = {isa = PBXBuildFile; fileRef = 1B1738F62A15422C006D632D /* ShoeCycleProgressView.swift */; };
		1B1B144514B0D882009891D6 /* ShoeStore_Legacy.m in Sources */ = {isa = PBXBuildFile; fileRef = 1B1B144414B0D882009891D6 /* ShoeStore_Legacy.m */; };
		1B1EF7011B101EB9000ED442 /* FTUUtility.m in Sources */ = {isa = PBXBuildFile; fileRef = 1B1EF7001B101EB9000ED442 /* FTUUtility.m */; };
		1B2248CD1C8145600081518A /* Shoe+Helpers.m in Sources */ = {isa = PBXBuildFile; fileRef = 1B2248CC1C8145600081518A /* Shoe+Helpers.m */; };
		1B2248D01C81480C0081518A /* CSVUtility.swift in Sources */ = {isa = PBXBuildFile; fileRef = 1B2248CF1C81480C0081518A /* CSVUtility.swift */; };
		1B2248EF1C82A3A50081518A /* EmailUtility.swift in Sources */ = {isa = PBXBuildFile; fileRef = 1B2248EE1C82A3A50081518A /* EmailUtility.swift */; };
		1B23E02C14B5257F00B51A6E /* ImageStore_Legacy.m in Sources */ = {isa = PBXBuildFile; fileRef = 1B23E02B14B5257F00B51A6E /* ImageStore_Legacy.m */; };
		1B24358B2879D0970018AFCA /* StravaInteractionViewController.swift in Sources */ = {isa = PBXBuildFile; fileRef = 1B24358A2879D0970018AFCA /* StravaInteractionViewController.swift */; };
		1B24358D2879D1810018AFCA /* UIView+Autolayout.swift in Sources */ = {isa = PBXBuildFile; fileRef = 1B24358C2879D1810018AFCA /* UIView+Autolayout.swift */; };
		1B24870F1BEEA3E500777E25 /* AnalyticsLogger.m in Sources */ = {isa = PBXBuildFile; fileRef = 1B24870E1BEEA3E500777E25 /* AnalyticsLogger.m */; };
		1B26F6C51B02EFAD004095CF /* UIView+Effects.m in Sources */ = {isa = PBXBuildFile; fileRef = 1B26F6C41B02EFAD004095CF /* UIView+Effects.m */; };
		1B26F6C71B02FCB1004095CF /* GlobalStringConstants.m in Sources */ = {isa = PBXBuildFile; fileRef = 1B26F6C61B02FCB1004095CF /* GlobalStringConstants.m */; };
		1B26F6CA1B06F8F0004095CF /* DateUtilities.m in Sources */ = {isa = PBXBuildFile; fileRef = 1B26F6C91B06F8F0004095CF /* DateUtilities.m */; };
		1B2E8CA514C9105C00F0917C /* History.m in Sources */ = {isa = PBXBuildFile; fileRef = 1B2E8CA414C9105C00F0917C /* History.m */; };
		1B2E8CA914C98E4500F0917C /* RunHistoryViewController.m in Sources */ = {isa = PBXBuildFile; fileRef = 1B2E8CA714C98E4400F0917C /* RunHistoryViewController.m */; };
		1B2E8CAA14C98E4500F0917C /* RunHistoryViewController.xib in Resources */ = {isa = PBXBuildFile; fileRef = 1B2E8CA814C98E4400F0917C /* RunHistoryViewController.xib */; };
		1B30A82421EF756400AF22A7 /* LaunchViewController.swift in Sources */ = {isa = PBXBuildFile; fileRef = 1B30A82321EF756400AF22A7 /* LaunchViewController.swift */; };
		1B30A82621EF770300AF22A7 /* Launch Screen.storyboard in Resources */ = {isa = PBXBuildFile; fileRef = 1B30A82521EF770300AF22A7 /* Launch Screen.storyboard */; };
		1B30A82821EF77DC00AF22A7 /* Launch.storyboard in Resources */ = {isa = PBXBuildFile; fileRef = 1B30A82721EF77DC00AF22A7 /* Launch.storyboard */; };
		1B30A82B21F20FD200AF22A7 /* AppViewController.swift in Sources */ = {isa = PBXBuildFile; fileRef = 1B30A82A21F20FD200AF22A7 /* AppViewController.swift */; };
		1B381A6919E1C2D3002C3FD7 /* HealthKitManager.m in Sources */ = {isa = PBXBuildFile; fileRef = 1B381A6819E1C2D3002C3FD7 /* HealthKitManager.m */; };
		1B3CB6301B0CB9E200E19778 /* EditShoesCell.m in Sources */ = {isa = PBXBuildFile; fileRef = 1B3CB62E1B0CB9E200E19778 /* EditShoesCell.m */; };
		1B3CB6311B0CB9E200E19778 /* EditShoesCell.xib in Resources */ = {isa = PBXBuildFile; fileRef = 1B3CB62F1B0CB9E200E19778 /* EditShoesCell.xib */; };
		1B3D29D22A3E78F100BE7956 /* StyleAndModifierExtensions.swift in Sources */ = {isa = PBXBuildFile; fileRef = 1B3D29D12A3E78F100BE7956 /* StyleAndModifierExtensions.swift */; };
		1B3D29D52A3E794A00BE7956 /* Line.swift in Sources */ = {isa = PBXBuildFile; fileRef = 1B3D29D42A3E794A00BE7956 /* Line.swift */; };
		1B3D29D72A3E79CC00BE7956 /* SettingsFavoriteDistancesViewModel.swift in Sources */ = {isa = PBXBuildFile; fileRef = 1B3D29D62A3E79CC00BE7956 /* SettingsFavoriteDistancesViewModel.swift */; };
		1B3D29DA2A46319700BE7956 /* ShoeDetailView.swift in Sources */ = {isa = PBXBuildFile; fileRef = 1B3D29D92A46319700BE7956 /* ShoeDetailView.swift */; };
		1B3D29DC2A4F2BFD00BE7956 /* AppView.swift in Sources */ = {isa = PBXBuildFile; fileRef = 1B3D29DB2A4F2BFC00BE7956 /* AppView.swift */; };
		1B3EE44414DE25F000ACA601 /* ShoeDetailViewController.m in Sources */ = {isa = PBXBuildFile; fileRef = 1B3EE44314DE25F000ACA601 /* ShoeDetailViewController.m */; };
		1B42028514A97C060064C078 /* ShoeDetailViewController.xib in Resources */ = {isa = PBXBuildFile; fileRef = 1B42028314A97C050064C078 /* ShoeDetailViewController.xib */; };
		1B4903602A7B4B2600422CED /* DistanceUtility.swift in Sources */ = {isa = PBXBuildFile; fileRef = 1B49035F2A7B4B2600422CED /* DistanceUtility.swift */; };
		1B59AADA2828B3D9009F7A13 /* AFNetworking.xcframework in Frameworks */ = {isa = PBXBuildFile; fileRef = 1B59AAD92828B3D9009F7A13 /* AFNetworking.xcframework */; };
		1B59AADB2828B3D9009F7A13 /* AFNetworking.xcframework in Embed Frameworks */ = {isa = PBXBuildFile; fileRef = 1B59AAD92828B3D9009F7A13 /* AFNetworking.xcframework */; settings = {ATTRIBUTES = (CodeSignOnCopy, RemoveHeadersOnCopy, ); }; };
		1B59AAE02828B3FF009F7A13 /* MBProgressHUD.xcframework in Frameworks */ = {isa = PBXBuildFile; fileRef = 1B59AADD2828B3FF009F7A13 /* MBProgressHUD.xcframework */; };
		1B59AAE12828B3FF009F7A13 /* MBProgressHUD.xcframework in Embed Frameworks */ = {isa = PBXBuildFile; fileRef = 1B59AADD2828B3FF009F7A13 /* MBProgressHUD.xcframework */; settings = {ATTRIBUTES = (CodeSignOnCopy, RemoveHeadersOnCopy, ); }; };
		1B62EB952A5231FC00226147 /* ImageStore.swift in Sources */ = {isa = PBXBuildFile; fileRef = 1B62EB942A5231FC00226147 /* ImageStore.swift */; };
		1B69E107225A741A0081F580 /* ImagePickerDelegate.swift in Sources */ = {isa = PBXBuildFile; fileRef = 1B69E106225A741A0081F580 /* ImagePickerDelegate.swift */; };
		1B715A5514AE65EF002207FA /* StandardDistancesViewController.m in Sources */ = {isa = PBXBuildFile; fileRef = 1B715A5314AE65EE002207FA /* StandardDistancesViewController.m */; };
		1B715A5614AE65EF002207FA /* StandardDistancesViewController.xib in Resources */ = {isa = PBXBuildFile; fileRef = 1B715A5414AE65EE002207FA /* StandardDistancesViewController.xib */; };
		1B76CA1219D5AD030063F2F2 /* UIColor+ShoeCycleColors.m in Sources */ = {isa = PBXBuildFile; fileRef = 1B76CA1119D5AD030063F2F2 /* UIColor+ShoeCycleColors.m */; };
		1B76CA1619D5AEF10063F2F2 /* UIUtilities.m in Sources */ = {isa = PBXBuildFile; fileRef = 1B76CA1519D5AEF10063F2F2 /* UIUtilities.m */; };
		1B7D4B1B19D27F42000094DE /* RunDatePickerViewController.m in Sources */ = {isa = PBXBuildFile; fileRef = 1B7D4B1919D27F42000094DE /* RunDatePickerViewController.m */; };
		1B7D4B1C19D27F42000094DE /* RunDatePickerViewController.xib in Resources */ = {isa = PBXBuildFile; fileRef = 1B7D4B1A19D27F42000094DE /* RunDatePickerViewController.xib */; };
		1B7ED91C2A6886AF006ABC42 /* FavoriteDistancesView.swift in Sources */ = {isa = PBXBuildFile; fileRef = 1B7ED91B2A6886AF006ABC42 /* FavoriteDistancesView.swift */; };
		1B7F36602A24012F00377485 /* HistoryRowView.swift in Sources */ = {isa = PBXBuildFile; fileRef = 1B7F365F2A24012F00377485 /* HistoryRowView.swift */; };
		1B7F36622A24039500377485 /* NumberFormatterExtension.swift in Sources */ = {isa = PBXBuildFile; fileRef = 1B7F36612A24039500377485 /* NumberFormatterExtension.swift */; };
		1B7F36642A2405D100377485 /* HistoryListView.swift in Sources */ = {isa = PBXBuildFile; fileRef = 1B7F36632A2405D100377485 /* HistoryListView.swift */; };
		1B876F572207E9AF00964400 /* WeeklyCollated.swift in Sources */ = {isa = PBXBuildFile; fileRef = 1B876F562207E9AF00964400 /* WeeklyCollated.swift */; };
		1B9EA80422068594000FA58B /* RunHistoryViewControllerDelegate.swift in Sources */ = {isa = PBXBuildFile; fileRef = 1B9EA80322068594000FA58B /* RunHistoryViewControllerDelegate.swift */; };
		1BA0E58C2262285600941A06 /* MainWindow.xib in Resources */ = {isa = PBXBuildFile; fileRef = 1BA0E58B2262285600941A06 /* MainWindow.xib */; };
		1BA4A3AC22DA5992003EB5CA /* MockShoeGenerator.swift in Sources */ = {isa = PBXBuildFile; fileRef = 1BA4A3AB22DA5992003EB5CA /* MockShoeGenerator.swift */; };
		1BA4A3AD22DA792B003EB5CA /* Media.xcassets in Resources */ = {isa = PBXBuildFile; fileRef = 1B76CA0A19D3CD6B0063F2F2 /* Media.xcassets */; };
		1BAC720A2377351200390E8B /* ShoeCycleTests.swift in Sources */ = {isa = PBXBuildFile; fileRef = 1BAC72092377351200390E8B /* ShoeCycleTests.swift */; };
		1BAD389219E25C4000161DA8 /* HealthKit.framework in Frameworks */ = {isa = PBXBuildFile; fileRef = 1BAD389119E25C4000161DA8 /* HealthKit.framework */; };
		1BB8A813288497B500B45B67 /* FirebaseAnalytics in Frameworks */ = {isa = PBXBuildFile; productRef = 1BB8A812288497B500B45B67 /* FirebaseAnalytics */; };
		1BBA7ACC22087126006C6EDF /* Date+Helpers.swift in Sources */ = {isa = PBXBuildFile; fileRef = 1BBA7ACB22087126006C6EDF /* Date+Helpers.swift */; };
		1BBCF59D2A70834C002D28D3 /* DateDistanceEntryView.swift in Sources */ = {isa = PBXBuildFile; fileRef = 1BBCF59C2A70834C002D28D3 /* DateDistanceEntryView.swift */; };
		1BBCF59F2A718163002D28D3 /* PatternedBackground.swift in Sources */ = {isa = PBXBuildFile; fileRef = 1BBCF59E2A718163002D28D3 /* PatternedBackground.swift */; };
		1BBD9CAE247C4B71004DA730 /* GoogleService-Info.plist in Resources */ = {isa = PBXBuildFile; fileRef = 1BBD9CAD247C4B71004DA730 /* GoogleService-Info.plist */; };
		1BC08E7B14D42171007A4344 /* Shoe.m in Sources */ = {isa = PBXBuildFile; fileRef = 1BC08E7A14D42171007A4344 /* Shoe.m */; };
		1BC5183914A35CF80033EFC3 /* EditShoesViewController.m in Sources */ = {isa = PBXBuildFile; fileRef = 1BC5183714A35CF80033EFC3 /* EditShoesViewController.m */; };
		1BC5183F14A35D240033EFC3 /* SetupViewController.m in Sources */ = {isa = PBXBuildFile; fileRef = 1BC5183D14A35D240033EFC3 /* SetupViewController.m */; };
		1BC5184014A35D240033EFC3 /* SetupViewController.xib in Resources */ = {isa = PBXBuildFile; fileRef = 1BC5183E14A35D240033EFC3 /* SetupViewController.xib */; };
		1BCEEBAE14B678AB00672194 /* TreadTracker.xcdatamodeld in Sources */ = {isa = PBXBuildFile; fileRef = 1BCEEBAC14B678AB00672194 /* TreadTracker.xcdatamodeld */; };
		1BCEEBB914B69B0200672194 /* FileHelpers.m in Sources */ = {isa = PBXBuildFile; fileRef = 1BCEEBB814B69B0200672194 /* FileHelpers.m */; };
		1BCF643E148AF7E7004C0E6A /* UIKit.framework in Frameworks */ = {isa = PBXBuildFile; fileRef = 1BCF643D148AF7E7004C0E6A /* UIKit.framework */; };
		1BCF6440148AF7E7004C0E6A /* Foundation.framework in Frameworks */ = {isa = PBXBuildFile; fileRef = 1BCF643F148AF7E7004C0E6A /* Foundation.framework */; };
		1BCF6442148AF7E7004C0E6A /* CoreGraphics.framework in Frameworks */ = {isa = PBXBuildFile; fileRef = 1BCF6441148AF7E7004C0E6A /* CoreGraphics.framework */; };
		1BCF644A148AF7E7004C0E6A /* main.m in Sources */ = {isa = PBXBuildFile; fileRef = 1BCF6449148AF7E7004C0E6A /* main.m */; };
		1BCF644E148AF7E7004C0E6A /* ShoeCycleAppDelegate.m in Sources */ = {isa = PBXBuildFile; fileRef = 1BCF644D148AF7E7004C0E6A /* ShoeCycleAppDelegate.m */; };
		1BCF9FE42A1AA0EE007F697E /* TimeIntervalExtensions.swift in Sources */ = {isa = PBXBuildFile; fileRef = 1BCF9FE32A1AA0EE007F697E /* TimeIntervalExtensions.swift */; };
		1BCF9FE62A1AA890007F697E /* DateFormatterExtensions.swift in Sources */ = {isa = PBXBuildFile; fileRef = 1BCF9FE52A1AA890007F697E /* DateFormatterExtensions.swift */; };
		1BCF9FE82A1AC27A007F697E /* ShoeImageView.swift in Sources */ = {isa = PBXBuildFile; fileRef = 1BCF9FE72A1AC27A007F697E /* ShoeImageView.swift */; };
		1BCF9FED2A1BC11B007F697E /* DateProgressViewModel.swift in Sources */ = {isa = PBXBuildFile; fileRef = 1BCF9FEC2A1BC11B007F697E /* DateProgressViewModel.swift */; };
		1BCF9FEF2A1BC6A6007F697E /* DateProgressViewInteractorTests.swift in Sources */ = {isa = PBXBuildFile; fileRef = 1BCF9FEE2A1BC6A6007F697E /* DateProgressViewInteractorTests.swift */; };
		1BCF9FF42A1BD5B9007F697E /* RunHistoryChart.swift in Sources */ = {isa = PBXBuildFile; fileRef = 1BCF9FF22A1BD591007F697E /* RunHistoryChart.swift */; };
		1BCF9FF92A1BF3FD007F697E /* ShoeExtensions.swift in Sources */ = {isa = PBXBuildFile; fileRef = 1BCF9FF82A1BF3FD007F697E /* ShoeExtensions.swift */; };
		1BCF9FFB2A1BFDDD007F697E /* ShoeTests.swift in Sources */ = {isa = PBXBuildFile; fileRef = 1BCF9FFA2A1BFDDD007F697E /* ShoeTests.swift */; };
		1BCF9FFD2A1FE0DA007F697E /* DateExtension.swift in Sources */ = {isa = PBXBuildFile; fileRef = 1BCF9FFC2A1FE0DA007F697E /* DateExtension.swift */; };
		1BCFA80A14CED3DF00D56D6C /* UserDistanceSetting.m in Sources */ = {isa = PBXBuildFile; fileRef = 1BCFA80914CED3DF00D56D6C /* UserDistanceSetting.m */; };
		1BD2FAEE14B5D343006A4542 /* CoreData.framework in Frameworks */ = {isa = PBXBuildFile; fileRef = 1BD2FAED14B5D343006A4542 /* CoreData.framework */; };
		1BDAF9091B0AE6A400ADDE92 /* UIAlertController+CommonAlerts.m in Sources */ = {isa = PBXBuildFile; fileRef = 1BDAF9081B0AE6A400ADDE92 /* UIAlertController+CommonAlerts.m */; };
		1BDDEC5E148BDF8B009E5436 /* AddDistanceViewController.m in Sources */ = {isa = PBXBuildFile; fileRef = 1BDDEC5C148BDF8B009E5436 /* AddDistanceViewController.m */; };
		1BDDEC5F148BDF8C009E5436 /* AddDistanceViewController.xib in Resources */ = {isa = PBXBuildFile; fileRef = 1BDDEC5D148BDF8B009E5436 /* AddDistanceViewController.xib */; };
		1BE059631E58BDC100D6225C /* HOFTableViewController.swift in Sources */ = {isa = PBXBuildFile; fileRef = 1BE059621E58BDC100D6225C /* HOFTableViewController.swift */; };
		1BE34AE31AFDCFA600CF83EE /* StravaAPIManager.m in Sources */ = {isa = PBXBuildFile; fileRef = 1BE34AE21AFDCFA600CF83EE /* StravaAPIManager.m */; };
		1BE34AE81AFE71D800CF83EE /* StravaAthlete.m in Sources */ = {isa = PBXBuildFile; fileRef = 1BE34AE71AFE71D800CF83EE /* StravaAthlete.m */; };
		1BE34AEE1AFE8F6000CF83EE /* NSDate+UTCConversion.m in Sources */ = {isa = PBXBuildFile; fileRef = 1BE34AED1AFE8F6000CF83EE /* NSDate+UTCConversion.m */; };
		1BE540612AA7A46700DCC109 /* StravaInteractor.swift in Sources */ = {isa = PBXBuildFile; fileRef = 1BE540602AA7A46700DCC109 /* StravaInteractor.swift */; };
		1BE540642AA81E6D00DCC109 /* StravaService.swift in Sources */ = {isa = PBXBuildFile; fileRef = 1BE540632AA81E6D00DCC109 /* StravaService.swift */; };
		1BE540662AA92CF600DCC109 /* NetworkService.swift in Sources */ = {isa = PBXBuildFile; fileRef = 1BE540652AA92CF600DCC109 /* NetworkService.swift */; };
		1BE540682AAA231300DCC109 /* StravaTokenKeeper.swift in Sources */ = {isa = PBXBuildFile; fileRef = 1BE540672AAA231300DCC109 /* StravaTokenKeeper.swift */; };
		1BF005412A58C430007AE489 /* HallOfFameSelector.swift in Sources */ = {isa = PBXBuildFile; fileRef = 1BF005402A58C430007AE489 /* HallOfFameSelector.swift */; };
		EA0F26D91AFF016F006C4B63 /* APIURLStrings.m in Sources */ = {isa = PBXBuildFile; fileRef = EA0F26D81AFF016F006C4B63 /* APIURLStrings.m */; };
		EA0F26DC1AFF0550006C4B63 /* StravaActivity_Legacy.m in Sources */ = {isa = PBXBuildFile; fileRef = EA0F26DB1AFF0550006C4B63 /* StravaActivity_Legacy.m */; };
		EA7194191A4B480F00C2517A /* StravaStoryboard.storyboard in Resources */ = {isa = PBXBuildFile; fileRef = EA7194181A4B480F00C2517A /* StravaStoryboard.storyboard */; };
/* End PBXBuildFile section */

/* Begin PBXContainerItemProxy section */
		1BAC720C2377351200390E8B /* PBXContainerItemProxy */ = {
			isa = PBXContainerItemProxy;
			containerPortal = 1BCF6430148AF7E5004C0E6A /* Project object */;
			proxyType = 1;
			remoteGlobalIDString = 1BCF6438148AF7E6004C0E6A;
			remoteInfo = ShoeCycle;
		};
/* End PBXContainerItemProxy section */

/* Begin PBXCopyFilesBuildPhase section */
		1B2721D121E9A9A7002BD17E /* Embed Frameworks */ = {
			isa = PBXCopyFilesBuildPhase;
			buildActionMask = 2147483647;
			dstPath = "";
			dstSubfolderSpec = 10;
			files = (
				1B59AAE12828B3FF009F7A13 /* MBProgressHUD.xcframework in Embed Frameworks */,
				1B59AADB2828B3D9009F7A13 /* AFNetworking.xcframework in Embed Frameworks */,
			);
			name = "Embed Frameworks";
			runOnlyForDeploymentPostprocessing = 0;
		};
/* End PBXCopyFilesBuildPhase section */

/* Begin PBXFileReference section */
		1B06EA451FED710C00E430AA /* UITableViewExtensions.swift */ = {isa = PBXFileReference; lastKnownFileType = sourcecode.swift; name = UITableViewExtensions.swift; path = Categories/UITableViewExtensions.swift; sourceTree = "<group>"; };
		1B0AD7F22A2AA132006AB307 /* ShoeStore.swift */ = {isa = PBXFileReference; lastKnownFileType = sourcecode.swift; path = ShoeStore.swift; sourceTree = "<group>"; };
		1B0AD7F42A2CE7C2006AB307 /* ViewExtensions.swift */ = {isa = PBXFileReference; lastKnownFileType = sourcecode.swift; path = ViewExtensions.swift; sourceTree = "<group>"; };
		1B0AD7F62A2F7FDB006AB307 /* HistorySectionView.swift */ = {isa = PBXFileReference; lastKnownFileType = sourcecode.swift; path = HistorySectionView.swift; sourceTree = "<group>"; };
		1B0AD7F92A2FA76B006AB307 /* EditShoesView.swift */ = {isa = PBXFileReference; lastKnownFileType = sourcecode.swift; path = EditShoesView.swift; sourceTree = "<group>"; };
		1B0AD7FB2A2FC49A006AB307 /* UserSettings.swift */ = {isa = PBXFileReference; lastKnownFileType = sourcecode.swift; path = UserSettings.swift; sourceTree = "<group>"; };
		1B0AD7FE2A30EA56006AB307 /* HallOfFameView.swift */ = {isa = PBXFileReference; lastKnownFileType = sourcecode.swift; path = HallOfFameView.swift; sourceTree = "<group>"; };
		1B0AD8012A3123CA006AB307 /* SettingsView.swift */ = {isa = PBXFileReference; lastKnownFileType = sourcecode.swift; path = SettingsView.swift; sourceTree = "<group>"; };
		1B0AD8032A33DFDA006AB307 /* ShoeCycleSection.swift */ = {isa = PBXFileReference; lastKnownFileType = sourcecode.swift; path = ShoeCycleSection.swift; sourceTree = "<group>"; };
		1B0D52122A5345A7001D3DB9 /* CameraPickerView.swift */ = {isa = PBXFileReference; lastKnownFileType = sourcecode.swift; path = CameraPickerView.swift; sourceTree = "<group>"; };
		1B0D52142A53683C001D3DB9 /* ShoeImage.swift */ = {isa = PBXFileReference; lastKnownFileType = sourcecode.swift; path = ShoeImage.swift; sourceTree = "<group>"; };
		1B1169731B0C3449004B1A0D /* StravaActivity+DistanceConversion.h */ = {isa = PBXFileReference; fileEncoding = 4; lastKnownFileType = sourcecode.c.h; name = "StravaActivity+DistanceConversion.h"; path = "Categories/StravaActivity+DistanceConversion.h"; sourceTree = "<group>"; };
		1B1169741B0C3449004B1A0D /* StravaActivity+DistanceConversion.m */ = {isa = PBXFileReference; fileEncoding = 4; lastKnownFileType = sourcecode.c.objc; name = "StravaActivity+DistanceConversion.m"; path = "Categories/StravaActivity+DistanceConversion.m"; sourceTree = "<group>"; };
		1B1738DE2A06A2A2006D632D /* AddDistanceView.swift */ = {isa = PBXFileReference; lastKnownFileType = sourcecode.swift; path = AddDistanceView.swift; sourceTree = "<group>"; };
		1B1738E02A06BBA2006D632D /* ColorExtension.swift */ = {isa = PBXFileReference; lastKnownFileType = sourcecode.swift; path = ColorExtension.swift; sourceTree = "<group>"; };
		1B1738F62A15422C006D632D /* ShoeCycleProgressView.swift */ = {isa = PBXFileReference; lastKnownFileType = sourcecode.swift; path = ShoeCycleProgressView.swift; sourceTree = "<group>"; };
		1B1B144314B0D882009891D6 /* ShoeStore_Legacy.h */ = {isa = PBXFileReference; fileEncoding = 4; lastKnownFileType = sourcecode.c.h; path = ShoeStore_Legacy.h; sourceTree = "<group>"; };
		1B1B144414B0D882009891D6 /* ShoeStore_Legacy.m */ = {isa = PBXFileReference; fileEncoding = 4; lastKnownFileType = sourcecode.c.objc; path = ShoeStore_Legacy.m; sourceTree = "<group>"; };
		1B1EF6FF1B101EB9000ED442 /* FTUUtility.h */ = {isa = PBXFileReference; fileEncoding = 4; lastKnownFileType = sourcecode.c.h; name = FTUUtility.h; path = utilities/FTUUtility.h; sourceTree = "<group>"; };
		1B1EF7001B101EB9000ED442 /* FTUUtility.m */ = {isa = PBXFileReference; fileEncoding = 4; lastKnownFileType = sourcecode.c.objc; name = FTUUtility.m; path = utilities/FTUUtility.m; sourceTree = "<group>"; };
		1B1EF7021B12C23C000ED442 /* Fabric.framework */ = {isa = PBXFileReference; lastKnownFileType = wrapper.framework; path = Fabric.framework; sourceTree = "<group>"; };
		1B2248CB1C8145600081518A /* Shoe+Helpers.h */ = {isa = PBXFileReference; fileEncoding = 4; lastKnownFileType = sourcecode.c.h; path = "Shoe+Helpers.h"; sourceTree = "<group>"; };
		1B2248CC1C8145600081518A /* Shoe+Helpers.m */ = {isa = PBXFileReference; fileEncoding = 4; lastKnownFileType = sourcecode.c.objc; path = "Shoe+Helpers.m"; sourceTree = "<group>"; };
		1B2248CE1C81480B0081518A /* ShoeCycle-Bridging-Header.h */ = {isa = PBXFileReference; lastKnownFileType = sourcecode.c.h; path = "ShoeCycle-Bridging-Header.h"; sourceTree = "<group>"; };
		1B2248CF1C81480C0081518A /* CSVUtility.swift */ = {isa = PBXFileReference; fileEncoding = 4; lastKnownFileType = sourcecode.swift; path = CSVUtility.swift; sourceTree = "<group>"; };
		1B2248EE1C82A3A50081518A /* EmailUtility.swift */ = {isa = PBXFileReference; fileEncoding = 4; lastKnownFileType = sourcecode.swift; path = EmailUtility.swift; sourceTree = "<group>"; };
		1B23E02A14B5257F00B51A6E /* ImageStore_Legacy.h */ = {isa = PBXFileReference; fileEncoding = 4; lastKnownFileType = sourcecode.c.h; path = ImageStore_Legacy.h; sourceTree = "<group>"; };
		1B23E02B14B5257F00B51A6E /* ImageStore_Legacy.m */ = {isa = PBXFileReference; fileEncoding = 4; lastKnownFileType = sourcecode.c.objc; path = ImageStore_Legacy.m; sourceTree = "<group>"; };
		1B24358A2879D0970018AFCA /* StravaInteractionViewController.swift */ = {isa = PBXFileReference; lastKnownFileType = sourcecode.swift; path = StravaInteractionViewController.swift; sourceTree = "<group>"; };
		1B24358C2879D1810018AFCA /* UIView+Autolayout.swift */ = {isa = PBXFileReference; lastKnownFileType = sourcecode.swift; path = "UIView+Autolayout.swift"; sourceTree = "<group>"; };
		1B24870D1BEEA3E500777E25 /* AnalyticsLogger.h */ = {isa = PBXFileReference; fileEncoding = 4; lastKnownFileType = sourcecode.c.h; name = AnalyticsLogger.h; path = sharedObjects/AnalyticsLogger.h; sourceTree = "<group>"; };
		1B24870E1BEEA3E500777E25 /* AnalyticsLogger.m */ = {isa = PBXFileReference; fileEncoding = 4; lastKnownFileType = sourcecode.c.objc; name = AnalyticsLogger.m; path = sharedObjects/AnalyticsLogger.m; sourceTree = "<group>"; };
		1B26F6C31B02EFAD004095CF /* UIView+Effects.h */ = {isa = PBXFileReference; fileEncoding = 4; lastKnownFileType = sourcecode.c.h; name = "UIView+Effects.h"; path = "Categories/UIView+Effects.h"; sourceTree = "<group>"; };
		1B26F6C41B02EFAD004095CF /* UIView+Effects.m */ = {isa = PBXFileReference; fileEncoding = 4; lastKnownFileType = sourcecode.c.objc; name = "UIView+Effects.m"; path = "Categories/UIView+Effects.m"; sourceTree = "<group>"; };
		1B26F6C61B02FCB1004095CF /* GlobalStringConstants.m */ = {isa = PBXFileReference; fileEncoding = 4; lastKnownFileType = sourcecode.c.objc; path = GlobalStringConstants.m; sourceTree = "<group>"; };
		1B26F6C81B06F8F0004095CF /* DateUtilities.h */ = {isa = PBXFileReference; fileEncoding = 4; lastKnownFileType = sourcecode.c.h; name = DateUtilities.h; path = utilities/DateUtilities.h; sourceTree = "<group>"; };
		1B26F6C91B06F8F0004095CF /* DateUtilities.m */ = {isa = PBXFileReference; fileEncoding = 4; lastKnownFileType = sourcecode.c.objc; name = DateUtilities.m; path = utilities/DateUtilities.m; sourceTree = "<group>"; };
		1B2E8CA314C9105C00F0917C /* History.h */ = {isa = PBXFileReference; fileEncoding = 4; lastKnownFileType = sourcecode.c.h; path = History.h; sourceTree = "<group>"; };
		1B2E8CA414C9105C00F0917C /* History.m */ = {isa = PBXFileReference; fileEncoding = 4; lastKnownFileType = sourcecode.c.objc; path = History.m; sourceTree = "<group>"; };
		1B2E8CA614C98E4400F0917C /* RunHistoryViewController.h */ = {isa = PBXFileReference; fileEncoding = 4; lastKnownFileType = sourcecode.c.h; path = RunHistoryViewController.h; sourceTree = "<group>"; };
		1B2E8CA714C98E4400F0917C /* RunHistoryViewController.m */ = {isa = PBXFileReference; fileEncoding = 4; lastKnownFileType = sourcecode.c.objc; path = RunHistoryViewController.m; sourceTree = "<group>"; };
		1B2E8CA814C98E4400F0917C /* RunHistoryViewController.xib */ = {isa = PBXFileReference; fileEncoding = 4; lastKnownFileType = file.xib; path = RunHistoryViewController.xib; sourceTree = "<group>"; };
		1B30A82321EF756400AF22A7 /* LaunchViewController.swift */ = {isa = PBXFileReference; lastKnownFileType = sourcecode.swift; path = LaunchViewController.swift; sourceTree = "<group>"; };
		1B30A82521EF770300AF22A7 /* Launch Screen.storyboard */ = {isa = PBXFileReference; lastKnownFileType = file.storyboard; path = "Launch Screen.storyboard"; sourceTree = "<group>"; };
		1B30A82721EF77DC00AF22A7 /* Launch.storyboard */ = {isa = PBXFileReference; lastKnownFileType = file.storyboard; path = Launch.storyboard; sourceTree = "<group>"; };
		1B30A82A21F20FD200AF22A7 /* AppViewController.swift */ = {isa = PBXFileReference; lastKnownFileType = sourcecode.swift; path = AppViewController.swift; sourceTree = "<group>"; };
		1B381A6719E1C2D3002C3FD7 /* HealthKitManager.h */ = {isa = PBXFileReference; fileEncoding = 4; lastKnownFileType = sourcecode.c.h; name = HealthKitManager.h; path = sharedObjects/HealthKitManager.h; sourceTree = "<group>"; };
		1B381A6819E1C2D3002C3FD7 /* HealthKitManager.m */ = {isa = PBXFileReference; fileEncoding = 4; lastKnownFileType = sourcecode.c.objc; name = HealthKitManager.m; path = sharedObjects/HealthKitManager.m; sourceTree = "<group>"; };
		1B3CB62D1B0CB9E200E19778 /* EditShoesCell.h */ = {isa = PBXFileReference; fileEncoding = 4; lastKnownFileType = sourcecode.c.h; name = EditShoesCell.h; path = Views/EditShoesCell.h; sourceTree = "<group>"; };
		1B3CB62E1B0CB9E200E19778 /* EditShoesCell.m */ = {isa = PBXFileReference; fileEncoding = 4; lastKnownFileType = sourcecode.c.objc; name = EditShoesCell.m; path = Views/EditShoesCell.m; sourceTree = "<group>"; };
		1B3CB62F1B0CB9E200E19778 /* EditShoesCell.xib */ = {isa = PBXFileReference; fileEncoding = 4; lastKnownFileType = file.xib; name = EditShoesCell.xib; path = Views/EditShoesCell.xib; sourceTree = "<group>"; };
		1B3D29D12A3E78F100BE7956 /* StyleAndModifierExtensions.swift */ = {isa = PBXFileReference; lastKnownFileType = sourcecode.swift; path = StyleAndModifierExtensions.swift; sourceTree = "<group>"; };
		1B3D29D42A3E794A00BE7956 /* Line.swift */ = {isa = PBXFileReference; lastKnownFileType = sourcecode.swift; path = Line.swift; sourceTree = "<group>"; };
		1B3D29D62A3E79CC00BE7956 /* SettingsFavoriteDistancesViewModel.swift */ = {isa = PBXFileReference; lastKnownFileType = sourcecode.swift; path = SettingsFavoriteDistancesViewModel.swift; sourceTree = "<group>"; };
		1B3D29D92A46319700BE7956 /* ShoeDetailView.swift */ = {isa = PBXFileReference; lastKnownFileType = sourcecode.swift; path = ShoeDetailView.swift; sourceTree = "<group>"; };
		1B3D29DB2A4F2BFC00BE7956 /* AppView.swift */ = {isa = PBXFileReference; lastKnownFileType = sourcecode.swift; path = AppView.swift; sourceTree = "<group>"; };
		1B3EE44314DE25F000ACA601 /* ShoeDetailViewController.m */ = {isa = PBXFileReference; fileEncoding = 4; lastKnownFileType = sourcecode.c.objc; path = ShoeDetailViewController.m; sourceTree = "<group>"; };
		1B42028114A97C040064C078 /* ShoeDetailViewController.h */ = {isa = PBXFileReference; fileEncoding = 4; lastKnownFileType = sourcecode.c.h; name = ShoeDetailViewController.h; path = ../ShoeDetailViewController.h; sourceTree = "<group>"; };
		1B42028314A97C050064C078 /* ShoeDetailViewController.xib */ = {isa = PBXFileReference; fileEncoding = 4; lastKnownFileType = file.xib; name = ShoeDetailViewController.xib; path = ../ShoeDetailViewController.xib; sourceTree = "<group>"; };
		1B49035F2A7B4B2600422CED /* DistanceUtility.swift */ = {isa = PBXFileReference; lastKnownFileType = sourcecode.swift; path = DistanceUtility.swift; sourceTree = "<group>"; };
		1B59AAD92828B3D9009F7A13 /* AFNetworking.xcframework */ = {isa = PBXFileReference; lastKnownFileType = wrapper.xcframework; name = AFNetworking.xcframework; path = Carthage/Build/AFNetworking.xcframework; sourceTree = "<group>"; };
		1B59AADD2828B3FF009F7A13 /* MBProgressHUD.xcframework */ = {isa = PBXFileReference; lastKnownFileType = wrapper.xcframework; name = MBProgressHUD.xcframework; path = Carthage/Build/MBProgressHUD.xcframework; sourceTree = "<group>"; };
		1B62EB942A5231FC00226147 /* ImageStore.swift */ = {isa = PBXFileReference; lastKnownFileType = sourcecode.swift; path = ImageStore.swift; sourceTree = "<group>"; };
		1B69E106225A741A0081F580 /* ImagePickerDelegate.swift */ = {isa = PBXFileReference; lastKnownFileType = sourcecode.swift; path = ImagePickerDelegate.swift; sourceTree = "<group>"; };
		1B715A5214AE65EE002207FA /* StandardDistancesViewController.h */ = {isa = PBXFileReference; fileEncoding = 4; lastKnownFileType = sourcecode.c.h; path = StandardDistancesViewController.h; sourceTree = "<group>"; };
		1B715A5314AE65EE002207FA /* StandardDistancesViewController.m */ = {isa = PBXFileReference; fileEncoding = 4; lastKnownFileType = sourcecode.c.objc; path = StandardDistancesViewController.m; sourceTree = "<group>"; };
		1B715A5414AE65EE002207FA /* StandardDistancesViewController.xib */ = {isa = PBXFileReference; fileEncoding = 4; lastKnownFileType = file.xib; path = StandardDistancesViewController.xib; sourceTree = "<group>"; };
		1B76CA0A19D3CD6B0063F2F2 /* Media.xcassets */ = {isa = PBXFileReference; lastKnownFileType = folder.assetcatalog; name = Media.xcassets; path = ../Media.xcassets; sourceTree = "<group>"; };
		1B76CA1019D5AD030063F2F2 /* UIColor+ShoeCycleColors.h */ = {isa = PBXFileReference; fileEncoding = 4; lastKnownFileType = sourcecode.c.h; path = "UIColor+ShoeCycleColors.h"; sourceTree = "<group>"; };
		1B76CA1119D5AD030063F2F2 /* UIColor+ShoeCycleColors.m */ = {isa = PBXFileReference; fileEncoding = 4; lastKnownFileType = sourcecode.c.objc; path = "UIColor+ShoeCycleColors.m"; sourceTree = "<group>"; };
		1B76CA1419D5AEF10063F2F2 /* UIUtilities.h */ = {isa = PBXFileReference; fileEncoding = 4; lastKnownFileType = sourcecode.c.h; name = UIUtilities.h; path = utilities/UIUtilities.h; sourceTree = "<group>"; };
		1B76CA1519D5AEF10063F2F2 /* UIUtilities.m */ = {isa = PBXFileReference; fileEncoding = 4; lastKnownFileType = sourcecode.c.objc; name = UIUtilities.m; path = utilities/UIUtilities.m; sourceTree = "<group>"; };
		1B7D4B1819D27F42000094DE /* RunDatePickerViewController.h */ = {isa = PBXFileReference; fileEncoding = 4; lastKnownFileType = sourcecode.c.h; path = RunDatePickerViewController.h; sourceTree = "<group>"; };
		1B7D4B1919D27F42000094DE /* RunDatePickerViewController.m */ = {isa = PBXFileReference; fileEncoding = 4; lastKnownFileType = sourcecode.c.objc; path = RunDatePickerViewController.m; sourceTree = "<group>"; };
		1B7D4B1A19D27F42000094DE /* RunDatePickerViewController.xib */ = {isa = PBXFileReference; fileEncoding = 4; lastKnownFileType = file.xib; path = RunDatePickerViewController.xib; sourceTree = "<group>"; };
		1B7ED91B2A6886AF006ABC42 /* FavoriteDistancesView.swift */ = {isa = PBXFileReference; lastKnownFileType = sourcecode.swift; path = FavoriteDistancesView.swift; sourceTree = "<group>"; };
		1B7F365F2A24012F00377485 /* HistoryRowView.swift */ = {isa = PBXFileReference; lastKnownFileType = sourcecode.swift; path = HistoryRowView.swift; sourceTree = "<group>"; };
		1B7F36612A24039500377485 /* NumberFormatterExtension.swift */ = {isa = PBXFileReference; lastKnownFileType = sourcecode.swift; path = NumberFormatterExtension.swift; sourceTree = "<group>"; };
		1B7F36632A2405D100377485 /* HistoryListView.swift */ = {isa = PBXFileReference; lastKnownFileType = sourcecode.swift; path = HistoryListView.swift; sourceTree = "<group>"; };
		1B80342B1A34C1C300126C59 /* GlobalStringConstants.h */ = {isa = PBXFileReference; lastKnownFileType = sourcecode.c.h; path = GlobalStringConstants.h; sourceTree = "<group>"; };
		1B876F562207E9AF00964400 /* WeeklyCollated.swift */ = {isa = PBXFileReference; lastKnownFileType = sourcecode.swift; path = WeeklyCollated.swift; sourceTree = "<group>"; };
		1B9EA80322068594000FA58B /* RunHistoryViewControllerDelegate.swift */ = {isa = PBXFileReference; lastKnownFileType = sourcecode.swift; path = RunHistoryViewControllerDelegate.swift; sourceTree = "<group>"; };
		1BA0E58B2262285600941A06 /* MainWindow.xib */ = {isa = PBXFileReference; fileEncoding = 4; lastKnownFileType = file.xib; path = MainWindow.xib; sourceTree = "<group>"; };
		1BA4A3AB22DA5992003EB5CA /* MockShoeGenerator.swift */ = {isa = PBXFileReference; lastKnownFileType = sourcecode.swift; path = MockShoeGenerator.swift; sourceTree = "<group>"; };
		1BAC72072377351200390E8B /* ShoeCycleTests.xctest */ = {isa = PBXFileReference; explicitFileType = wrapper.cfbundle; includeInIndex = 0; path = ShoeCycleTests.xctest; sourceTree = BUILT_PRODUCTS_DIR; };
		1BAC72092377351200390E8B /* ShoeCycleTests.swift */ = {isa = PBXFileReference; lastKnownFileType = sourcecode.swift; path = ShoeCycleTests.swift; sourceTree = "<group>"; };
		1BAC720B2377351200390E8B /* Info.plist */ = {isa = PBXFileReference; lastKnownFileType = text.plist.xml; path = Info.plist; sourceTree = "<group>"; };
		1BAD389119E25C4000161DA8 /* HealthKit.framework */ = {isa = PBXFileReference; lastKnownFileType = wrapper.framework; name = HealthKit.framework; path = System/Library/Frameworks/HealthKit.framework; sourceTree = SDKROOT; };
		1BAD389319E25C4000161DA8 /* ShoeCycle.entitlements */ = {isa = PBXFileReference; lastKnownFileType = text.xml; name = ShoeCycle.entitlements; path = ../ShoeCycle.entitlements; sourceTree = "<group>"; };
		1BBA7ACB22087126006C6EDF /* Date+Helpers.swift */ = {isa = PBXFileReference; lastKnownFileType = sourcecode.swift; path = "Date+Helpers.swift"; sourceTree = "<group>"; };
		1BBCF59C2A70834C002D28D3 /* DateDistanceEntryView.swift */ = {isa = PBXFileReference; lastKnownFileType = sourcecode.swift; path = DateDistanceEntryView.swift; sourceTree = "<group>"; };
		1BBCF59E2A718163002D28D3 /* PatternedBackground.swift */ = {isa = PBXFileReference; lastKnownFileType = sourcecode.swift; path = PatternedBackground.swift; sourceTree = "<group>"; };
		1BBD9CAD247C4B71004DA730 /* GoogleService-Info.plist */ = {isa = PBXFileReference; lastKnownFileType = text.plist; path = "GoogleService-Info.plist"; sourceTree = SOURCE_ROOT; };
		1BC08E7914D42171007A4344 /* Shoe.h */ = {isa = PBXFileReference; fileEncoding = 4; lastKnownFileType = sourcecode.c.h; path = Shoe.h; sourceTree = "<group>"; };
		1BC08E7A14D42171007A4344 /* Shoe.m */ = {isa = PBXFileReference; fileEncoding = 4; lastKnownFileType = sourcecode.c.objc; path = Shoe.m; sourceTree = "<group>"; };
		1BC5183614A35CF80033EFC3 /* EditShoesViewController.h */ = {isa = PBXFileReference; fileEncoding = 4; lastKnownFileType = sourcecode.c.h; path = EditShoesViewController.h; sourceTree = "<group>"; };
		1BC5183714A35CF80033EFC3 /* EditShoesViewController.m */ = {isa = PBXFileReference; fileEncoding = 4; lastKnownFileType = sourcecode.c.objc; path = EditShoesViewController.m; sourceTree = "<group>"; };
		1BC5183C14A35D240033EFC3 /* SetupViewController.h */ = {isa = PBXFileReference; fileEncoding = 4; lastKnownFileType = sourcecode.c.h; path = SetupViewController.h; sourceTree = "<group>"; };
		1BC5183D14A35D240033EFC3 /* SetupViewController.m */ = {isa = PBXFileReference; fileEncoding = 4; lastKnownFileType = sourcecode.c.objc; path = SetupViewController.m; sourceTree = "<group>"; };
		1BC5183E14A35D240033EFC3 /* SetupViewController.xib */ = {isa = PBXFileReference; fileEncoding = 4; lastKnownFileType = file.xib; path = SetupViewController.xib; sourceTree = "<group>"; };
		1BCEEBAD14B678AB00672194 /* TreadTracker.xcdatamodel */ = {isa = PBXFileReference; lastKnownFileType = wrapper.xcdatamodel; path = TreadTracker.xcdatamodel; sourceTree = "<group>"; };
		1BCEEBB714B69B0200672194 /* FileHelpers.h */ = {isa = PBXFileReference; fileEncoding = 4; lastKnownFileType = sourcecode.c.h; path = FileHelpers.h; sourceTree = "<group>"; };
		1BCEEBB814B69B0200672194 /* FileHelpers.m */ = {isa = PBXFileReference; fileEncoding = 4; lastKnownFileType = sourcecode.c.objc; path = FileHelpers.m; sourceTree = "<group>"; };
		1BCF6439148AF7E7004C0E6A /* ShoeCycle.app */ = {isa = PBXFileReference; explicitFileType = wrapper.application; includeInIndex = 0; path = ShoeCycle.app; sourceTree = BUILT_PRODUCTS_DIR; };
		1BCF643D148AF7E7004C0E6A /* UIKit.framework */ = {isa = PBXFileReference; lastKnownFileType = wrapper.framework; name = UIKit.framework; path = System/Library/Frameworks/UIKit.framework; sourceTree = SDKROOT; };
		1BCF643F148AF7E7004C0E6A /* Foundation.framework */ = {isa = PBXFileReference; lastKnownFileType = wrapper.framework; name = Foundation.framework; path = System/Library/Frameworks/Foundation.framework; sourceTree = SDKROOT; };
		1BCF6441148AF7E7004C0E6A /* CoreGraphics.framework */ = {isa = PBXFileReference; lastKnownFileType = wrapper.framework; name = CoreGraphics.framework; path = System/Library/Frameworks/CoreGraphics.framework; sourceTree = SDKROOT; };
		1BCF6445148AF7E7004C0E6A /* ShoeCycle-Info.plist */ = {isa = PBXFileReference; lastKnownFileType = text.plist.xml; path = "ShoeCycle-Info.plist"; sourceTree = "<group>"; };
		1BCF6449148AF7E7004C0E6A /* main.m */ = {isa = PBXFileReference; lastKnownFileType = sourcecode.c.objc; path = main.m; sourceTree = "<group>"; };
		1BCF644B148AF7E7004C0E6A /* ShoeCycle-Prefix.pch */ = {isa = PBXFileReference; lastKnownFileType = sourcecode.c.h; path = "ShoeCycle-Prefix.pch"; sourceTree = "<group>"; };
		1BCF644C148AF7E7004C0E6A /* ShoeCycleAppDelegate.h */ = {isa = PBXFileReference; lastKnownFileType = sourcecode.c.h; path = ShoeCycleAppDelegate.h; sourceTree = "<group>"; };
		1BCF644D148AF7E7004C0E6A /* ShoeCycleAppDelegate.m */ = {isa = PBXFileReference; lastKnownFileType = sourcecode.c.objc; path = ShoeCycleAppDelegate.m; sourceTree = "<group>"; };
		1BCF9FE32A1AA0EE007F697E /* TimeIntervalExtensions.swift */ = {isa = PBXFileReference; lastKnownFileType = sourcecode.swift; path = TimeIntervalExtensions.swift; sourceTree = "<group>"; };
		1BCF9FE52A1AA890007F697E /* DateFormatterExtensions.swift */ = {isa = PBXFileReference; lastKnownFileType = sourcecode.swift; path = DateFormatterExtensions.swift; sourceTree = "<group>"; };
		1BCF9FE72A1AC27A007F697E /* ShoeImageView.swift */ = {isa = PBXFileReference; lastKnownFileType = sourcecode.swift; path = ShoeImageView.swift; sourceTree = "<group>"; };
		1BCF9FEC2A1BC11B007F697E /* DateProgressViewModel.swift */ = {isa = PBXFileReference; lastKnownFileType = sourcecode.swift; path = DateProgressViewModel.swift; sourceTree = "<group>"; };
		1BCF9FEE2A1BC6A6007F697E /* DateProgressViewInteractorTests.swift */ = {isa = PBXFileReference; lastKnownFileType = sourcecode.swift; path = DateProgressViewInteractorTests.swift; sourceTree = "<group>"; };
		1BCF9FF22A1BD591007F697E /* RunHistoryChart.swift */ = {isa = PBXFileReference; lastKnownFileType = sourcecode.swift; path = RunHistoryChart.swift; sourceTree = "<group>"; };
		1BCF9FF82A1BF3FD007F697E /* ShoeExtensions.swift */ = {isa = PBXFileReference; lastKnownFileType = sourcecode.swift; path = ShoeExtensions.swift; sourceTree = "<group>"; };
		1BCF9FFA2A1BFDDD007F697E /* ShoeTests.swift */ = {isa = PBXFileReference; lastKnownFileType = sourcecode.swift; path = ShoeTests.swift; sourceTree = "<group>"; };
		1BCF9FFC2A1FE0DA007F697E /* DateExtension.swift */ = {isa = PBXFileReference; lastKnownFileType = sourcecode.swift; path = DateExtension.swift; sourceTree = "<group>"; };
		1BCFA80814CED3DF00D56D6C /* UserDistanceSetting.h */ = {isa = PBXFileReference; fileEncoding = 4; lastKnownFileType = sourcecode.c.h; path = UserDistanceSetting.h; sourceTree = "<group>"; };
		1BCFA80914CED3DF00D56D6C /* UserDistanceSetting.m */ = {isa = PBXFileReference; fileEncoding = 4; lastKnownFileType = sourcecode.c.objc; path = UserDistanceSetting.m; sourceTree = "<group>"; };
		1BD2FAED14B5D343006A4542 /* CoreData.framework */ = {isa = PBXFileReference; lastKnownFileType = wrapper.framework; name = CoreData.framework; path = System/Library/Frameworks/CoreData.framework; sourceTree = SDKROOT; };
		1BDAF9071B0AE6A400ADDE92 /* UIAlertController+CommonAlerts.h */ = {isa = PBXFileReference; fileEncoding = 4; lastKnownFileType = sourcecode.c.h; name = "UIAlertController+CommonAlerts.h"; path = "Categories/UIAlertController+CommonAlerts.h"; sourceTree = "<group>"; };
		1BDAF9081B0AE6A400ADDE92 /* UIAlertController+CommonAlerts.m */ = {isa = PBXFileReference; fileEncoding = 4; lastKnownFileType = sourcecode.c.objc; name = "UIAlertController+CommonAlerts.m"; path = "Categories/UIAlertController+CommonAlerts.m"; sourceTree = "<group>"; };
		1BDDEC5B148BDF8B009E5436 /* AddDistanceViewController.h */ = {isa = PBXFileReference; fileEncoding = 4; lastKnownFileType = sourcecode.c.h; path = AddDistanceViewController.h; sourceTree = "<group>"; };
		1BDDEC5C148BDF8B009E5436 /* AddDistanceViewController.m */ = {isa = PBXFileReference; fileEncoding = 4; lastKnownFileType = sourcecode.c.objc; path = AddDistanceViewController.m; sourceTree = "<group>"; };
		1BDDEC5D148BDF8B009E5436 /* AddDistanceViewController.xib */ = {isa = PBXFileReference; fileEncoding = 4; lastKnownFileType = file.xib; path = AddDistanceViewController.xib; sourceTree = "<group>"; };
		1BE059621E58BDC100D6225C /* HOFTableViewController.swift */ = {isa = PBXFileReference; fileEncoding = 4; lastKnownFileType = sourcecode.swift; path = HOFTableViewController.swift; sourceTree = "<group>"; };
		1BE34AE11AFDCFA600CF83EE /* StravaAPIManager.h */ = {isa = PBXFileReference; fileEncoding = 4; lastKnownFileType = sourcecode.c.h; path = StravaAPIManager.h; sourceTree = "<group>"; };
		1BE34AE21AFDCFA600CF83EE /* StravaAPIManager.m */ = {isa = PBXFileReference; fileEncoding = 4; lastKnownFileType = sourcecode.c.objc; path = StravaAPIManager.m; sourceTree = "<group>"; };
		1BE34AE61AFE71D800CF83EE /* StravaAthlete.h */ = {isa = PBXFileReference; fileEncoding = 4; lastKnownFileType = sourcecode.c.h; name = StravaAthlete.h; path = API/Strava/ModelObjects/StravaAthlete.h; sourceTree = "<group>"; };
		1BE34AE71AFE71D800CF83EE /* StravaAthlete.m */ = {isa = PBXFileReference; fileEncoding = 4; lastKnownFileType = sourcecode.c.objc; name = StravaAthlete.m; path = API/Strava/ModelObjects/StravaAthlete.m; sourceTree = "<group>"; };
		1BE34AEC1AFE8F6000CF83EE /* NSDate+UTCConversion.h */ = {isa = PBXFileReference; fileEncoding = 4; lastKnownFileType = sourcecode.c.h; name = "NSDate+UTCConversion.h"; path = "Categories/NSDate+UTCConversion.h"; sourceTree = "<group>"; };
		1BE34AED1AFE8F6000CF83EE /* NSDate+UTCConversion.m */ = {isa = PBXFileReference; fileEncoding = 4; lastKnownFileType = sourcecode.c.objc; name = "NSDate+UTCConversion.m"; path = "Categories/NSDate+UTCConversion.m"; sourceTree = "<group>"; };
		1BE540602AA7A46700DCC109 /* StravaInteractor.swift */ = {isa = PBXFileReference; lastKnownFileType = sourcecode.swift; path = StravaInteractor.swift; sourceTree = "<group>"; };
		1BE540632AA81E6D00DCC109 /* StravaService.swift */ = {isa = PBXFileReference; lastKnownFileType = sourcecode.swift; path = StravaService.swift; sourceTree = "<group>"; };
		1BE540652AA92CF600DCC109 /* NetworkService.swift */ = {isa = PBXFileReference; lastKnownFileType = sourcecode.swift; path = NetworkService.swift; sourceTree = "<group>"; };
		1BE540672AAA231300DCC109 /* StravaTokenKeeper.swift */ = {isa = PBXFileReference; lastKnownFileType = sourcecode.swift; path = StravaTokenKeeper.swift; sourceTree = "<group>"; };
		1BF005402A58C430007AE489 /* HallOfFameSelector.swift */ = {isa = PBXFileReference; lastKnownFileType = sourcecode.swift; path = HallOfFameSelector.swift; sourceTree = "<group>"; };
		EA0F26D71AFF016F006C4B63 /* APIURLStrings.h */ = {isa = PBXFileReference; fileEncoding = 4; lastKnownFileType = sourcecode.c.h; name = APIURLStrings.h; path = API/APIURLStrings.h; sourceTree = "<group>"; };
		EA0F26D81AFF016F006C4B63 /* APIURLStrings.m */ = {isa = PBXFileReference; fileEncoding = 4; lastKnownFileType = sourcecode.c.objc; name = APIURLStrings.m; path = API/APIURLStrings.m; sourceTree = "<group>"; };
		EA0F26DA1AFF0550006C4B63 /* StravaActivity_Legacy.h */ = {isa = PBXFileReference; fileEncoding = 4; lastKnownFileType = sourcecode.c.h; name = StravaActivity_Legacy.h; path = API/Strava/ModelObjects/StravaActivity_Legacy.h; sourceTree = "<group>"; };
		EA0F26DB1AFF0550006C4B63 /* StravaActivity_Legacy.m */ = {isa = PBXFileReference; fileEncoding = 4; lastKnownFileType = sourcecode.c.objc; name = StravaActivity_Legacy.m; path = API/Strava/ModelObjects/StravaActivity_Legacy.m; sourceTree = "<group>"; };
		EA7194181A4B480F00C2517A /* StravaStoryboard.storyboard */ = {isa = PBXFileReference; fileEncoding = 4; lastKnownFileType = file.storyboard; path = StravaStoryboard.storyboard; sourceTree = "<group>"; };
/* End PBXFileReference section */

/* Begin PBXFrameworksBuildPhase section */
		1BAC72042377351200390E8B /* Frameworks */ = {
			isa = PBXFrameworksBuildPhase;
			buildActionMask = 2147483647;
			files = (
			);
			runOnlyForDeploymentPostprocessing = 0;
		};
		1BCF6436148AF7E6004C0E6A /* Frameworks */ = {
			isa = PBXFrameworksBuildPhase;
			buildActionMask = 2147483647;
			files = (
				1B59AADA2828B3D9009F7A13 /* AFNetworking.xcframework in Frameworks */,
				1B59AAE02828B3FF009F7A13 /* MBProgressHUD.xcframework in Frameworks */,
				1BD2FAEE14B5D343006A4542 /* CoreData.framework in Frameworks */,
				1BCF643E148AF7E7004C0E6A /* UIKit.framework in Frameworks */,
				1BAD389219E25C4000161DA8 /* HealthKit.framework in Frameworks */,
				1BCF6440148AF7E7004C0E6A /* Foundation.framework in Frameworks */,
				1BCF6442148AF7E7004C0E6A /* CoreGraphics.framework in Frameworks */,
				1BB8A813288497B500B45B67 /* FirebaseAnalytics in Frameworks */,
			);
			runOnlyForDeploymentPostprocessing = 0;
		};
/* End PBXFrameworksBuildPhase section */

/* Begin PBXGroup section */
		1B0AD7F82A2FA724006AB307 /* EditShoesScreen */ = {
			isa = PBXGroup;
			children = (
				1B0AD7F92A2FA76B006AB307 /* EditShoesView.swift */,
			);
			name = EditShoesScreen;
			sourceTree = "<group>";
		};
		1B0AD7FD2A30EA12006AB307 /* HallOfFameScreen */ = {
			isa = PBXGroup;
			children = (
				1B0AD7FE2A30EA56006AB307 /* HallOfFameView.swift */,
			);
			name = HallOfFameScreen;
			sourceTree = "<group>";
		};
		1B0AD8002A3123A3006AB307 /* SettingsScreen */ = {
			isa = PBXGroup;
			children = (
				1B0AD8012A3123CA006AB307 /* SettingsView.swift */,
				1B3D29D62A3E79CC00BE7956 /* SettingsFavoriteDistancesViewModel.swift */,
				1BE540602AA7A46700DCC109 /* StravaInteractor.swift */,
			);
			name = SettingsScreen;
			sourceTree = "<group>";
		};
		1B1738DD2A06A26C006D632D /* AddDistanceScreen */ = {
			isa = PBXGroup;
			children = (
				1B7F365E2A2400F700377485 /* HistoryView */,
				1B1738DE2A06A2A2006D632D /* AddDistanceView.swift */,
				1BBCF59C2A70834C002D28D3 /* DateDistanceEntryView.swift */,
				1BCF9FEC2A1BC11B007F697E /* DateProgressViewModel.swift */,
				1BCF9FF22A1BD591007F697E /* RunHistoryChart.swift */,
				1B1738F62A15422C006D632D /* ShoeCycleProgressView.swift */,
				1BCF9FE72A1AC27A007F697E /* ShoeImageView.swift */,
				1B7ED91B2A6886AF006ABC42 /* FavoriteDistancesView.swift */,
			);
			name = AddDistanceScreen;
			sourceTree = "<group>";
		};
		1B26F6BF1B02419A004095CF /* Views */ = {
			isa = PBXGroup;
			children = (
				1B3CB62D1B0CB9E200E19778 /* EditShoesCell.h */,
				1B3CB62E1B0CB9E200E19778 /* EditShoesCell.m */,
				1B3CB62F1B0CB9E200E19778 /* EditShoesCell.xib */,
			);
			name = Views;
			sourceTree = "<group>";
		};
		1B30A82921F20FB400AF22A7 /* Scenes */ = {
			isa = PBXGroup;
			children = (
			);
			name = Scenes;
			sourceTree = "<group>";
		};
		1B381A6519E1C230002C3FD7 /* Classes */ = {
			isa = PBXGroup;
			children = (
				1B26F6BF1B02419A004095CF /* Views */,
				1BA0E58B2262285600941A06 /* MainWindow.xib */,
				1BDDEC5B148BDF8B009E5436 /* AddDistanceViewController.h */,
				1BDDEC5C148BDF8B009E5436 /* AddDistanceViewController.m */,
				1BDDEC5D148BDF8B009E5436 /* AddDistanceViewController.xib */,
				1B7D4B1819D27F42000094DE /* RunDatePickerViewController.h */,
				1B7D4B1919D27F42000094DE /* RunDatePickerViewController.m */,
				1B7D4B1A19D27F42000094DE /* RunDatePickerViewController.xib */,
				1BC5183614A35CF80033EFC3 /* EditShoesViewController.h */,
				1BC5183714A35CF80033EFC3 /* EditShoesViewController.m */,
				1B23E02A14B5257F00B51A6E /* ImageStore_Legacy.h */,
				1B23E02B14B5257F00B51A6E /* ImageStore_Legacy.m */,
				1B62EB942A5231FC00226147 /* ImageStore.swift */,
				1BCEEBB714B69B0200672194 /* FileHelpers.h */,
				1BCEEBB814B69B0200672194 /* FileHelpers.m */,
				1B2E8CA614C98E4400F0917C /* RunHistoryViewController.h */,
				1B2E8CA714C98E4400F0917C /* RunHistoryViewController.m */,
				1B2E8CA814C98E4400F0917C /* RunHistoryViewController.xib */,
				1BC5183C14A35D240033EFC3 /* SetupViewController.h */,
				1BC5183D14A35D240033EFC3 /* SetupViewController.m */,
				1BC5183E14A35D240033EFC3 /* SetupViewController.xib */,
				1B69E106225A741A0081F580 /* ImagePickerDelegate.swift */,
				1B42028114A97C040064C078 /* ShoeDetailViewController.h */,
				1B3EE44314DE25F000ACA601 /* ShoeDetailViewController.m */,
				1B42028314A97C050064C078 /* ShoeDetailViewController.xib */,
				1B715A5214AE65EE002207FA /* StandardDistancesViewController.h */,
				1B715A5314AE65EE002207FA /* StandardDistancesViewController.m */,
				1B715A5414AE65EE002207FA /* StandardDistancesViewController.xib */,
				1BCFA80814CED3DF00D56D6C /* UserDistanceSetting.h */,
				1BCFA80914CED3DF00D56D6C /* UserDistanceSetting.m */,
				1B24358A2879D0970018AFCA /* StravaInteractionViewController.swift */,
				1BE059621E58BDC100D6225C /* HOFTableViewController.swift */,
			);
			name = Classes;
			sourceTree = "<group>";
		};
		1B381A6619E1C293002C3FD7 /* Shared Objects */ = {
			isa = PBXGroup;
			children = (
				1B381A6719E1C2D3002C3FD7 /* HealthKitManager.h */,
				1B381A6819E1C2D3002C3FD7 /* HealthKitManager.m */,
				1B24870D1BEEA3E500777E25 /* AnalyticsLogger.h */,
				1B24870E1BEEA3E500777E25 /* AnalyticsLogger.m */,
			);
			name = "Shared Objects";
			sourceTree = "<group>";
		};
		1B3D29D32A3E791C00BE7956 /* CommonSwiftUI */ = {
			isa = PBXGroup;
			children = (
				1B3D29D42A3E794A00BE7956 /* Line.swift */,
				1B0D52122A5345A7001D3DB9 /* CameraPickerView.swift */,
				1B0D52142A53683C001D3DB9 /* ShoeImage.swift */,
				1B0AD8032A33DFDA006AB307 /* ShoeCycleSection.swift */,
				1BBCF59E2A718163002D28D3 /* PatternedBackground.swift */,
			);
			name = CommonSwiftUI;
			sourceTree = "<group>";
		};
		1B3D29D82A46316C00BE7956 /* ShoeDetailView */ = {
			isa = PBXGroup;
			children = (
				1B3D29D92A46319700BE7956 /* ShoeDetailView.swift */,
				1BF005402A58C430007AE489 /* HallOfFameSelector.swift */,
			);
			name = ShoeDetailView;
			sourceTree = "<group>";
		};
		1B49035E2A7B4AF500422CED /* Common Swift */ = {
			isa = PBXGroup;
			children = (
				1B49035F2A7B4B2600422CED /* DistanceUtility.swift */,
				1B0AD7FB2A2FC49A006AB307 /* UserSettings.swift */,
			);
			name = "Common Swift";
			sourceTree = "<group>";
		};
		1B76CA0C19D5ABEA0063F2F2 /* Categories And Extensions */ = {
			isa = PBXGroup;
			children = (
				1B76CA1019D5AD030063F2F2 /* UIColor+ShoeCycleColors.h */,
				1B76CA1119D5AD030063F2F2 /* UIColor+ShoeCycleColors.m */,
				1BE34AEC1AFE8F6000CF83EE /* NSDate+UTCConversion.h */,
				1BE34AED1AFE8F6000CF83EE /* NSDate+UTCConversion.m */,
				1B26F6C31B02EFAD004095CF /* UIView+Effects.h */,
				1B26F6C41B02EFAD004095CF /* UIView+Effects.m */,
				1BDAF9071B0AE6A400ADDE92 /* UIAlertController+CommonAlerts.h */,
				1BDAF9081B0AE6A400ADDE92 /* UIAlertController+CommonAlerts.m */,
				1B1169731B0C3449004B1A0D /* StravaActivity+DistanceConversion.h */,
				1B1169741B0C3449004B1A0D /* StravaActivity+DistanceConversion.m */,
				1B06EA451FED710C00E430AA /* UITableViewExtensions.swift */,
				1BBA7ACB22087126006C6EDF /* Date+Helpers.swift */,
				1B24358C2879D1810018AFCA /* UIView+Autolayout.swift */,
				1B1738E02A06BBA2006D632D /* ColorExtension.swift */,
				1BCF9FE32A1AA0EE007F697E /* TimeIntervalExtensions.swift */,
				1BCF9FE52A1AA890007F697E /* DateFormatterExtensions.swift */,
				1BCF9FFC2A1FE0DA007F697E /* DateExtension.swift */,
				1B7F36612A24039500377485 /* NumberFormatterExtension.swift */,
				1B0AD7F42A2CE7C2006AB307 /* ViewExtensions.swift */,
				1B3D29D12A3E78F100BE7956 /* StyleAndModifierExtensions.swift */,
			);
			name = "Categories And Extensions";
			sourceTree = "<group>";
		};
		1B76CA1319D5AE890063F2F2 /* Utilities */ = {
			isa = PBXGroup;
			children = (
				1B76CA1419D5AEF10063F2F2 /* UIUtilities.h */,
				1B76CA1519D5AEF10063F2F2 /* UIUtilities.m */,
				1B26F6C81B06F8F0004095CF /* DateUtilities.h */,
				1B26F6C91B06F8F0004095CF /* DateUtilities.m */,
				1B1EF6FF1B101EB9000ED442 /* FTUUtility.h */,
				1B1EF7001B101EB9000ED442 /* FTUUtility.m */,
				1B2248CF1C81480C0081518A /* CSVUtility.swift */,
				1B2248EE1C82A3A50081518A /* EmailUtility.swift */,
			);
			name = Utilities;
			sourceTree = "<group>";
		};
		1B7F365E2A2400F700377485 /* HistoryView */ = {
			isa = PBXGroup;
			children = (
				1B7F365F2A24012F00377485 /* HistoryRowView.swift */,
				1B7F36632A2405D100377485 /* HistoryListView.swift */,
				1B0AD7F62A2F7FDB006AB307 /* HistorySectionView.swift */,
			);
			name = HistoryView;
			sourceTree = "<group>";
		};
		1B80342A1A34C17500126C59 /* Global */ = {
			isa = PBXGroup;
			children = (
				1B80342B1A34C1C300126C59 /* GlobalStringConstants.h */,
				1B26F6C61B02FCB1004095CF /* GlobalStringConstants.m */,
			);
			name = Global;
			sourceTree = "<group>";
		};
		1B9EA805220685BE000FA58B /* Protocols */ = {
			isa = PBXGroup;
			children = (
				1B9EA80322068594000FA58B /* RunHistoryViewControllerDelegate.swift */,
			);
			name = Protocols;
			sourceTree = "<group>";
		};
		1BAC72082377351200390E8B /* ShoeCycleTests */ = {
			isa = PBXGroup;
			children = (
				1BAC72092377351200390E8B /* ShoeCycleTests.swift */,
				1BCF9FEE2A1BC6A6007F697E /* DateProgressViewInteractorTests.swift */,
				1BCF9FFA2A1BFDDD007F697E /* ShoeTests.swift */,
				1BAC720B2377351200390E8B /* Info.plist */,
			);
			path = ShoeCycleTests;
			sourceTree = "<group>";
		};
		1BC46D1F1E4FAC1D002204E2 /* DatabaseModelsAndHelpers */ = {
			isa = PBXGroup;
			children = (
				1B2E8CA314C9105C00F0917C /* History.h */,
				1B2E8CA414C9105C00F0917C /* History.m */,
				1BC08E7914D42171007A4344 /* Shoe.h */,
				1BC08E7A14D42171007A4344 /* Shoe.m */,
				1B2248CB1C8145600081518A /* Shoe+Helpers.h */,
				1B2248CC1C8145600081518A /* Shoe+Helpers.m */,
				1B876F562207E9AF00964400 /* WeeklyCollated.swift */,
				1BCF9FF82A1BF3FD007F697E /* ShoeExtensions.swift */,
				1B1B144314B0D882009891D6 /* ShoeStore_Legacy.h */,
				1B1B144414B0D882009891D6 /* ShoeStore_Legacy.m */,
				1B0AD7F22A2AA132006AB307 /* ShoeStore.swift */,
			);
			name = DatabaseModelsAndHelpers;
			sourceTree = "<group>";
		};
		1BCF642E148AF7E5004C0E6A = {
			isa = PBXGroup;
			children = (
				1BCF6443148AF7E7004C0E6A /* ShoeCycle */,
				1BAC72082377351200390E8B /* ShoeCycleTests */,
				1BCF643C148AF7E7004C0E6A /* Frameworks */,
				1BCF643A148AF7E7004C0E6A /* Products */,
			);
			sourceTree = "<group>";
		};
		1BCF643A148AF7E7004C0E6A /* Products */ = {
			isa = PBXGroup;
			children = (
				1BCF6439148AF7E7004C0E6A /* ShoeCycle.app */,
				1BAC72072377351200390E8B /* ShoeCycleTests.xctest */,
			);
			name = Products;
			sourceTree = "<group>";
		};
		1BCF643C148AF7E7004C0E6A /* Frameworks */ = {
			isa = PBXGroup;
			children = (
				1B59AADD2828B3FF009F7A13 /* MBProgressHUD.xcframework */,
				1B59AAD92828B3D9009F7A13 /* AFNetworking.xcframework */,
				1B1EF7021B12C23C000ED442 /* Fabric.framework */,
				1BAD389119E25C4000161DA8 /* HealthKit.framework */,
				1BD2FAED14B5D343006A4542 /* CoreData.framework */,
				1BCF643D148AF7E7004C0E6A /* UIKit.framework */,
				1BCF643F148AF7E7004C0E6A /* Foundation.framework */,
				1BCF6441148AF7E7004C0E6A /* CoreGraphics.framework */,
			);
			name = Frameworks;
			sourceTree = "<group>";
		};
		1BCF6443148AF7E7004C0E6A /* ShoeCycle */ = {
			isa = PBXGroup;
			children = (
				1B3D29DB2A4F2BFC00BE7956 /* AppView.swift */,
				1BE540622AA81E5100DCC109 /* Services */,
				1BCF9FE92A1ACFB4007F697E /* TestDataGeneration */,
				1B3D29D32A3E791C00BE7956 /* CommonSwiftUI */,
				1B49035E2A7B4AF500422CED /* Common Swift */,
				1B1738DD2A06A26C006D632D /* AddDistanceScreen */,
				1B0AD7F82A2FA724006AB307 /* EditShoesScreen */,
				1B3D29D82A46316C00BE7956 /* ShoeDetailView */,
				1B0AD7FD2A30EA12006AB307 /* HallOfFameScreen */,
				1B0AD8002A3123A3006AB307 /* SettingsScreen */,
				1B9EA805220685BE000FA58B /* Protocols */,
				1B30A82921F20FB400AF22A7 /* Scenes */,
				1BC46D1F1E4FAC1D002204E2 /* DatabaseModelsAndHelpers */,
				1BE34AE01AFDCF7900CF83EE /* API */,
				EA7194171A4B47ED00C2517A /* Storyboards */,
				1B80342A1A34C17500126C59 /* Global */,
				1B381A6619E1C293002C3FD7 /* Shared Objects */,
				1B381A6519E1C230002C3FD7 /* Classes */,
				1B76CA1319D5AE890063F2F2 /* Utilities */,
				1B76CA0C19D5ABEA0063F2F2 /* Categories And Extensions */,
				1BCF644C148AF7E7004C0E6A /* ShoeCycleAppDelegate.h */,
				1BCF644D148AF7E7004C0E6A /* ShoeCycleAppDelegate.m */,
				1B76CA0A19D3CD6B0063F2F2 /* Media.xcassets */,
				1BCF6444148AF7E7004C0E6A /* Supporting Files */,
				1B30A82321EF756400AF22A7 /* LaunchViewController.swift */,
				1B30A82521EF770300AF22A7 /* Launch Screen.storyboard */,
				1B30A82721EF77DC00AF22A7 /* Launch.storyboard */,
				1B30A82A21F20FD200AF22A7 /* AppViewController.swift */,
			);
			name = ShoeCycle;
			path = RunShoeMileage;
			sourceTree = "<group>";
		};
		1BCF6444148AF7E7004C0E6A /* Supporting Files */ = {
			isa = PBXGroup;
			children = (
				1BBD9CAD247C4B71004DA730 /* GoogleService-Info.plist */,
				1B2248CE1C81480B0081518A /* ShoeCycle-Bridging-Header.h */,
				1BAD389319E25C4000161DA8 /* ShoeCycle.entitlements */,
				1BCEEBAC14B678AB00672194 /* TreadTracker.xcdatamodeld */,
				1BCF6445148AF7E7004C0E6A /* ShoeCycle-Info.plist */,
				1BCF6449148AF7E7004C0E6A /* main.m */,
				1BCF644B148AF7E7004C0E6A /* ShoeCycle-Prefix.pch */,
			);
			name = "Supporting Files";
			sourceTree = "<group>";
		};
		1BCF9FE92A1ACFB4007F697E /* TestDataGeneration */ = {
			isa = PBXGroup;
			children = (
				1BA4A3AB22DA5992003EB5CA /* MockShoeGenerator.swift */,
			);
			name = TestDataGeneration;
			sourceTree = "<group>";
		};
		1BE34AE01AFDCF7900CF83EE /* API */ = {
			isa = PBXGroup;
			children = (
				EA0F26D71AFF016F006C4B63 /* APIURLStrings.h */,
				EA0F26D81AFF016F006C4B63 /* APIURLStrings.m */,
				1BE34AE41AFE716700CF83EE /* Strava */,
			);
			name = API;
			sourceTree = "<group>";
		};
		1BE34AE41AFE716700CF83EE /* Strava */ = {
			isa = PBXGroup;
			children = (
				1BE34AE51AFE718C00CF83EE /* Model Objects */,
				1BE34AE11AFDCFA600CF83EE /* StravaAPIManager.h */,
				1BE34AE21AFDCFA600CF83EE /* StravaAPIManager.m */,
			);
			name = Strava;
			sourceTree = "<group>";
		};
		1BE34AE51AFE718C00CF83EE /* Model Objects */ = {
			isa = PBXGroup;
			children = (
				1BE34AE61AFE71D800CF83EE /* StravaAthlete.h */,
				1BE34AE71AFE71D800CF83EE /* StravaAthlete.m */,
				EA0F26DA1AFF0550006C4B63 /* StravaActivity_Legacy.h */,
				EA0F26DB1AFF0550006C4B63 /* StravaActivity_Legacy.m */,
			);
			name = "Model Objects";
			sourceTree = "<group>";
		};
		1BE540622AA81E5100DCC109 /* Services */ = {
			isa = PBXGroup;
			children = (
				1BE540632AA81E6D00DCC109 /* StravaService.swift */,
				1BE540652AA92CF600DCC109 /* NetworkService.swift */,
				1BE540672AAA231300DCC109 /* StravaTokenKeeper.swift */,
			);
			path = Services;
			sourceTree = "<group>";
		};
		EA7194171A4B47ED00C2517A /* Storyboards */ = {
			isa = PBXGroup;
			children = (
				EA7194181A4B480F00C2517A /* StravaStoryboard.storyboard */,
			);
			name = Storyboards;
			sourceTree = "<group>";
		};
/* End PBXGroup section */

/* Begin PBXNativeTarget section */
		1BAC72062377351200390E8B /* ShoeCycleTests */ = {
			isa = PBXNativeTarget;
			buildConfigurationList = 1BAC72112377351300390E8B /* Build configuration list for PBXNativeTarget "ShoeCycleTests" */;
			buildPhases = (
				1BAC72032377351200390E8B /* Sources */,
				1BAC72042377351200390E8B /* Frameworks */,
				1BAC72052377351200390E8B /* Resources */,
			);
			buildRules = (
			);
			dependencies = (
				1BAC720D2377351200390E8B /* PBXTargetDependency */,
			);
			name = ShoeCycleTests;
			productName = ShoeCycleTests;
			productReference = 1BAC72072377351200390E8B /* ShoeCycleTests.xctest */;
			productType = "com.apple.product-type.bundle.unit-test";
		};
		1BCF6438148AF7E6004C0E6A /* ShoeCycle */ = {
			isa = PBXNativeTarget;
			buildConfigurationList = 1BCF6454148AF7E7004C0E6A /* Build configuration list for PBXNativeTarget "ShoeCycle" */;
			buildPhases = (
				1BCF6436148AF7E6004C0E6A /* Frameworks */,
				1BCF6437148AF7E6004C0E6A /* Resources */,
				1B2721D121E9A9A7002BD17E /* Embed Frameworks */,
				1B2721BB21E79199002BD17E /* Carthage - Copy Frameworks */,
				1BCF6435148AF7E6004C0E6A /* Sources */,
				1BA4A3A922D116F6003EB5CA /* Swift Lint */,
			);
			buildRules = (
			);
			dependencies = (
			);
			name = ShoeCycle;
			packageProductDependencies = (
				1BB8A812288497B500B45B67 /* FirebaseAnalytics */,
			);
			productName = RunShoeMileage;
			productReference = 1BCF6439148AF7E7004C0E6A /* ShoeCycle.app */;
			productType = "com.apple.product-type.application";
		};
/* End PBXNativeTarget section */

/* Begin PBXProject section */
		1BCF6430148AF7E5004C0E6A /* Project object */ = {
			isa = PBXProject;
			attributes = {
				LastSwiftUpdateCheck = 1120;
				LastUpgradeCheck = 1140;
				TargetAttributes = {
					1BAC72062377351200390E8B = {
						CreatedOnToolsVersion = 11.2;
						DevelopmentTeam = XG8D9FRJ5Q;
						ProvisioningStyle = Automatic;
						TestTargetID = 1BCF6438148AF7E6004C0E6A;
					};
					1BCF6438148AF7E6004C0E6A = {
						LastSwiftMigration = 1020;
						SystemCapabilities = {
							com.apple.BackgroundModes = {
								enabled = 0;
							};
							com.apple.HealthKit = {
								enabled = 1;
							};
						};
					};
				};
			};
			buildConfigurationList = 1BCF6433148AF7E5004C0E6A /* Build configuration list for PBXProject "ShoeCycle" */;
			compatibilityVersion = "Xcode 3.2";
			developmentRegion = en;
			hasScannedForEncodings = 0;
			knownRegions = (
				en,
			);
			mainGroup = 1BCF642E148AF7E5004C0E6A;
			packageReferences = (
				1BB8A811288497B500B45B67 /* XCRemoteSwiftPackageReference "firebase-ios-sdk" */,
			);
			productRefGroup = 1BCF643A148AF7E7004C0E6A /* Products */;
			projectDirPath = "";
			projectRoot = "";
			targets = (
				1BCF6438148AF7E6004C0E6A /* ShoeCycle */,
				1BAC72062377351200390E8B /* ShoeCycleTests */,
			);
		};
/* End PBXProject section */

/* Begin PBXResourcesBuildPhase section */
		1BAC72052377351200390E8B /* Resources */ = {
			isa = PBXResourcesBuildPhase;
			buildActionMask = 2147483647;
			files = (
			);
			runOnlyForDeploymentPostprocessing = 0;
		};
		1BCF6437148AF7E6004C0E6A /* Resources */ = {
			isa = PBXResourcesBuildPhase;
			buildActionMask = 2147483647;
			files = (
				1B3CB6311B0CB9E200E19778 /* EditShoesCell.xib in Resources */,
				1BDDEC5F148BDF8C009E5436 /* AddDistanceViewController.xib in Resources */,
				1BA4A3AD22DA792B003EB5CA /* Media.xcassets in Resources */,
				EA7194191A4B480F00C2517A /* StravaStoryboard.storyboard in Resources */,
				1BC5184014A35D240033EFC3 /* SetupViewController.xib in Resources */,
				1B30A82621EF770300AF22A7 /* Launch Screen.storyboard in Resources */,
				1BA0E58C2262285600941A06 /* MainWindow.xib in Resources */,
				1B42028514A97C060064C078 /* ShoeDetailViewController.xib in Resources */,
				1B30A82821EF77DC00AF22A7 /* Launch.storyboard in Resources */,
				1B715A5614AE65EF002207FA /* StandardDistancesViewController.xib in Resources */,
				1B2E8CAA14C98E4500F0917C /* RunHistoryViewController.xib in Resources */,
				1B7D4B1C19D27F42000094DE /* RunDatePickerViewController.xib in Resources */,
				1BBD9CAE247C4B71004DA730 /* GoogleService-Info.plist in Resources */,
			);
			runOnlyForDeploymentPostprocessing = 0;
		};
/* End PBXResourcesBuildPhase section */

/* Begin PBXShellScriptBuildPhase section */
		1B2721BB21E79199002BD17E /* Carthage - Copy Frameworks */ = {
			isa = PBXShellScriptBuildPhase;
			buildActionMask = 2147483647;
			files = (
			);
			inputFileListPaths = (
			);
			inputPaths = (
				"$(SRCROOT)/Carthage/Build/iOS/AFNetworking.xcframework",
				"$(SRCROOT)/Carthage/Build/iOS/MBProgressHUD.xcframework",
				"$(SRCROOT)/Carthage/Build/iOS/Charts.xcframework",
			);
			name = "Carthage - Copy Frameworks";
			outputFileListPaths = (
			);
			outputPaths = (
			);
			runOnlyForDeploymentPostprocessing = 0;
			shellPath = /bin/sh;
			shellScript = "# carthage copy-frameworks\n";
		};
		1BA4A3A922D116F6003EB5CA /* Swift Lint */ = {
			isa = PBXShellScriptBuildPhase;
			buildActionMask = 2147483647;
			files = (
			);
			inputFileListPaths = (
			);
			inputPaths = (
			);
			name = "Swift Lint";
			outputFileListPaths = (
			);
			outputPaths = (
			);
			runOnlyForDeploymentPostprocessing = 0;
			shellPath = /bin/sh;
			shellScript = "# if which swiftlint >/dev/null; then\n# swiftlint\n# else\n# echo \"warning: SwiftLint not installed, download from https://github.com/realm/SwiftLint\"\n# fi\n";
		};
/* End PBXShellScriptBuildPhase section */

/* Begin PBXSourcesBuildPhase section */
		1BAC72032377351200390E8B /* Sources */ = {
			isa = PBXSourcesBuildPhase;
			buildActionMask = 2147483647;
			files = (
				1BCF9FFB2A1BFDDD007F697E /* ShoeTests.swift in Sources */,
				1BCF9FEF2A1BC6A6007F697E /* DateProgressViewInteractorTests.swift in Sources */,
				1BAC720A2377351200390E8B /* ShoeCycleTests.swift in Sources */,
			);
			runOnlyForDeploymentPostprocessing = 0;
		};
		1BCF6435148AF7E6004C0E6A /* Sources */ = {
			isa = PBXSourcesBuildPhase;
			buildActionMask = 2147483647;
			files = (
				1B3D29D22A3E78F100BE7956 /* StyleAndModifierExtensions.swift in Sources */,
				1B76CA1619D5AEF10063F2F2 /* UIUtilities.m in Sources */,
				1BCF9FFD2A1FE0DA007F697E /* DateExtension.swift in Sources */,
				1BF005412A58C430007AE489 /* HallOfFameSelector.swift in Sources */,
				1B1EF7011B101EB9000ED442 /* FTUUtility.m in Sources */,
				1BCF644A148AF7E7004C0E6A /* main.m in Sources */,
				1B9EA80422068594000FA58B /* RunHistoryViewControllerDelegate.swift in Sources */,
				1B06EA461FED710C00E430AA /* UITableViewExtensions.swift in Sources */,
				1BBCF59D2A70834C002D28D3 /* DateDistanceEntryView.swift in Sources */,
				1BE34AEE1AFE8F6000CF83EE /* NSDate+UTCConversion.m in Sources */,
				1BCF644E148AF7E7004C0E6A /* ShoeCycleAppDelegate.m in Sources */,
				1BCF9FF92A1BF3FD007F697E /* ShoeExtensions.swift in Sources */,
				1BDDEC5E148BDF8B009E5436 /* AddDistanceViewController.m in Sources */,
				1B76CA1219D5AD030063F2F2 /* UIColor+ShoeCycleColors.m in Sources */,
				1BC5183914A35CF80033EFC3 /* EditShoesViewController.m in Sources */,
				1B0AD7FF2A30EA56006AB307 /* HallOfFameView.swift in Sources */,
				1BBCF59F2A718163002D28D3 /* PatternedBackground.swift in Sources */,
				1B7ED91C2A6886AF006ABC42 /* FavoriteDistancesView.swift in Sources */,
				1B0D52152A53683C001D3DB9 /* ShoeImage.swift in Sources */,
				1B30A82B21F20FD200AF22A7 /* AppViewController.swift in Sources */,
				1B0AD7F72A2F7FDB006AB307 /* HistorySectionView.swift in Sources */,
				1BC5183F14A35D240033EFC3 /* SetupViewController.m in Sources */,
				1B0AD7FA2A2FA76B006AB307 /* EditShoesView.swift in Sources */,
				1B715A5514AE65EF002207FA /* StandardDistancesViewController.m in Sources */,
				1B1B144514B0D882009891D6 /* ShoeStore_Legacy.m in Sources */,
				1B3D29DC2A4F2BFD00BE7956 /* AppView.swift in Sources */,
				1BDAF9091B0AE6A400ADDE92 /* UIAlertController+CommonAlerts.m in Sources */,
				1B24870F1BEEA3E500777E25 /* AnalyticsLogger.m in Sources */,
				1B0AD8022A3123CA006AB307 /* SettingsView.swift in Sources */,
				1B24358B2879D0970018AFCA /* StravaInteractionViewController.swift in Sources */,
				1B23E02C14B5257F00B51A6E /* ImageStore_Legacy.m in Sources */,
				1B1169751B0C3449004B1A0D /* StravaActivity+DistanceConversion.m in Sources */,
				1BE34AE31AFDCFA600CF83EE /* StravaAPIManager.m in Sources */,
				1B381A6919E1C2D3002C3FD7 /* HealthKitManager.m in Sources */,
				1B3D29DA2A46319700BE7956 /* ShoeDetailView.swift in Sources */,
				1B7F36622A24039500377485 /* NumberFormatterExtension.swift in Sources */,
				1B1738DF2A06A2A2006D632D /* AddDistanceView.swift in Sources */,
				1B3D29D72A3E79CC00BE7956 /* SettingsFavoriteDistancesViewModel.swift in Sources */,
				1B62EB952A5231FC00226147 /* ImageStore.swift in Sources */,
				1B2248EF1C82A3A50081518A /* EmailUtility.swift in Sources */,
				1BE540682AAA231300DCC109 /* StravaTokenKeeper.swift in Sources */,
				1B7D4B1B19D27F42000094DE /* RunDatePickerViewController.m in Sources */,
				1B0AD7FC2A2FC49A006AB307 /* UserSettings.swift in Sources */,
				1BCEEBAE14B678AB00672194 /* TreadTracker.xcdatamodeld in Sources */,
				1BCF9FE42A1AA0EE007F697E /* TimeIntervalExtensions.swift in Sources */,
				1B7F36642A2405D100377485 /* HistoryListView.swift in Sources */,
				1B0AD7F32A2AA132006AB307 /* ShoeStore.swift in Sources */,
				1B26F6C71B02FCB1004095CF /* GlobalStringConstants.m in Sources */,
				1B4903602A7B4B2600422CED /* DistanceUtility.swift in Sources */,
				1BE540612AA7A46700DCC109 /* StravaInteractor.swift in Sources */,
				1BCF9FE82A1AC27A007F697E /* ShoeImageView.swift in Sources */,
				1B1738F72A15422C006D632D /* ShoeCycleProgressView.swift in Sources */,
				1B0AD7F52A2CE7C2006AB307 /* ViewExtensions.swift in Sources */,
				1BE540642AA81E6D00DCC109 /* StravaService.swift in Sources */,
				1B0D52132A5345A7001D3DB9 /* CameraPickerView.swift in Sources */,
				1BE540662AA92CF600DCC109 /* NetworkService.swift in Sources */,
				1B3CB6301B0CB9E200E19778 /* EditShoesCell.m in Sources */,
				1B1738E12A06BBA2006D632D /* ColorExtension.swift in Sources */,
				1BCEEBB914B69B0200672194 /* FileHelpers.m in Sources */,
				1BCF9FE62A1AA890007F697E /* DateFormatterExtensions.swift in Sources */,
				1BCF9FF42A1BD5B9007F697E /* RunHistoryChart.swift in Sources */,
				1B2E8CA514C9105C00F0917C /* History.m in Sources */,
				1BE059631E58BDC100D6225C /* HOFTableViewController.swift in Sources */,
				EA0F26D91AFF016F006C4B63 /* APIURLStrings.m in Sources */,
				1B26F6CA1B06F8F0004095CF /* DateUtilities.m in Sources */,
				1B24358D2879D1810018AFCA /* UIView+Autolayout.swift in Sources */,
				1B876F572207E9AF00964400 /* WeeklyCollated.swift in Sources */,
				EA0F26DC1AFF0550006C4B63 /* StravaActivity_Legacy.m in Sources */,
				1BE34AE81AFE71D800CF83EE /* StravaAthlete.m in Sources */,
				1B30A82421EF756400AF22A7 /* LaunchViewController.swift in Sources */,
				1B2248CD1C8145600081518A /* Shoe+Helpers.m in Sources */,
				1B0AD8042A33DFDA006AB307 /* ShoeCycleSection.swift in Sources */,
				1B2E8CA914C98E4500F0917C /* RunHistoryViewController.m in Sources */,
				1BA4A3AC22DA5992003EB5CA /* MockShoeGenerator.swift in Sources */,
				1B69E107225A741A0081F580 /* ImagePickerDelegate.swift in Sources */,
				1BCF9FED2A1BC11B007F697E /* DateProgressViewModel.swift in Sources */,
				1BCFA80A14CED3DF00D56D6C /* UserDistanceSetting.m in Sources */,
				1B7F36602A24012F00377485 /* HistoryRowView.swift in Sources */,
				1BC08E7B14D42171007A4344 /* Shoe.m in Sources */,
				1BBA7ACC22087126006C6EDF /* Date+Helpers.swift in Sources */,
				1B3EE44414DE25F000ACA601 /* ShoeDetailViewController.m in Sources */,
				1B3D29D52A3E794A00BE7956 /* Line.swift in Sources */,
				1B26F6C51B02EFAD004095CF /* UIView+Effects.m in Sources */,
				1B2248D01C81480C0081518A /* CSVUtility.swift in Sources */,
			);
			runOnlyForDeploymentPostprocessing = 0;
		};
/* End PBXSourcesBuildPhase section */

/* Begin PBXTargetDependency section */
		1BAC720D2377351200390E8B /* PBXTargetDependency */ = {
			isa = PBXTargetDependency;
			target = 1BCF6438148AF7E6004C0E6A /* ShoeCycle */;
			targetProxy = 1BAC720C2377351200390E8B /* PBXContainerItemProxy */;
		};
/* End PBXTargetDependency section */

/* Begin XCBuildConfiguration section */
		1B77CC0914EB65D000FA6E06 /* AdHocDistro */ = {
			isa = XCBuildConfiguration;
			buildSettings = {
				ALWAYS_SEARCH_USER_PATHS = NO;
				CLANG_ENABLE_OBJC_ARC = YES;
				CODE_SIGN_IDENTITY = "iPhone Distribution";
				"CODE_SIGN_IDENTITY[sdk=*]" = "iPhone Developer";
				COPY_PHASE_STRIP = YES;
				GCC_C_LANGUAGE_STANDARD = gnu99;
				GCC_VERSION = com.apple.compilers.llvmgcc42;
				GCC_WARN_ABOUT_MISSING_PROTOTYPES = YES;
				GCC_WARN_ABOUT_RETURN_TYPE = YES;
				GCC_WARN_UNUSED_VARIABLE = YES;
				IPHONEOS_DEPLOYMENT_TARGET = 16.4;
				OTHER_CFLAGS = "-DNS_BLOCK_ASSERTIONS=1";
				PROVISIONING_PROFILE = "";
				"PROVISIONING_PROFILE[sdk=*]" = "";
				SDKROOT = iphoneos;
				VALIDATE_PRODUCT = YES;
			};
			name = AdHocDistro;
		};
		1B77CC0A14EB65D000FA6E06 /* AdHocDistro */ = {
			isa = XCBuildConfiguration;
			buildSettings = {
				ASSETCATALOG_COMPILER_APPICON_NAME = AppIcon;
				CLANG_ENABLE_MODULES = YES;
				CODE_SIGN_ENTITLEMENTS = ShoeCycle.entitlements;
				CODE_SIGN_IDENTITY = "iPhone Developer";
				"CODE_SIGN_IDENTITY[sdk=iphoneos*]" = "iPhone Developer";
				CURRENT_PROJECT_VERSION = 63;
				DEBUG_INFORMATION_FORMAT = "dwarf-with-dsym";
				DEVELOPMENT_TEAM = XG8D9FRJ5Q;
				ENABLE_BITCODE = NO;
				EXCLUDED_ARCHS = "";
				FRAMEWORK_SEARCH_PATHS = (
					"$(inherited)",
					"$(PROJECT_DIR)",
					"$(PROJECT_DIR)/Carthage/Build/iOS",
				);
				GCC_PRECOMPILE_PREFIX_HEADER = YES;
				GCC_PREFIX_HEADER = "RunShoeMileage/ShoeCycle-Prefix.pch";
				GCC_VERSION = com.apple.compilers.llvm.clang.1_0;
				INFOPLIST_FILE = "RunShoeMileage/ShoeCycle-Info.plist";
				IPHONEOS_DEPLOYMENT_TARGET = 16.4;
				LD_RUNPATH_SEARCH_PATHS = (
					"$(inherited)",
					"@executable_path/Frameworks",
				);
				MARKETING_VERSION = 4.6.0;
				PRODUCT_BUNDLE_IDENTIFIER = ZappaDev.ShoeCycle.beta;
				PRODUCT_NAME = ShoeCycle;
				PROVISIONING_PROFILE = "";
				SWIFT_OBJC_BRIDGING_HEADER = "RunShoeMileage/ShoeCycle-Bridging-Header.h";
				SWIFT_VERSION = 5.0;
				WRAPPER_EXTENSION = app;
			};
			name = AdHocDistro;
		};
		1BAC720E2377351300390E8B /* Debug */ = {
			isa = XCBuildConfiguration;
			buildSettings = {
				BUNDLE_LOADER = "$(TEST_HOST)";
				CLANG_ANALYZER_NONNULL = YES;
				CLANG_ANALYZER_NUMBER_OBJECT_CONVERSION = YES_AGGRESSIVE;
				CLANG_CXX_LANGUAGE_STANDARD = "gnu++14";
				CLANG_CXX_LIBRARY = "libc++";
				CLANG_ENABLE_MODULES = YES;
				CLANG_ENABLE_OBJC_WEAK = YES;
				CLANG_WARN_BLOCK_CAPTURE_AUTORELEASING = YES;
				CLANG_WARN_BOOL_CONVERSION = YES;
				CLANG_WARN_COMMA = YES;
				CLANG_WARN_CONSTANT_CONVERSION = YES;
				CLANG_WARN_DEPRECATED_OBJC_IMPLEMENTATIONS = YES;
				CLANG_WARN_DIRECT_OBJC_ISA_USAGE = YES_ERROR;
				CLANG_WARN_DOCUMENTATION_COMMENTS = YES;
				CLANG_WARN_EMPTY_BODY = YES;
				CLANG_WARN_ENUM_CONVERSION = YES;
				CLANG_WARN_INFINITE_RECURSION = YES;
				CLANG_WARN_INT_CONVERSION = YES;
				CLANG_WARN_NON_LITERAL_NULL_CONVERSION = YES;
				CLANG_WARN_OBJC_IMPLICIT_RETAIN_SELF = YES;
				CLANG_WARN_OBJC_LITERAL_CONVERSION = YES;
				CLANG_WARN_OBJC_ROOT_CLASS = YES_ERROR;
				CLANG_WARN_RANGE_LOOP_ANALYSIS = YES;
				CLANG_WARN_STRICT_PROTOTYPES = YES;
				CLANG_WARN_SUSPICIOUS_MOVE = YES;
				CLANG_WARN_UNGUARDED_AVAILABILITY = YES_AGGRESSIVE;
				CLANG_WARN_UNREACHABLE_CODE = YES;
				CLANG_WARN__DUPLICATE_METHOD_MATCH = YES;
				CODE_SIGN_STYLE = Automatic;
				DEBUG_INFORMATION_FORMAT = dwarf;
				DEVELOPMENT_TEAM = XG8D9FRJ5Q;
				ENABLE_STRICT_OBJC_MSGSEND = YES;
				GCC_C_LANGUAGE_STANDARD = gnu11;
				GCC_NO_COMMON_BLOCKS = YES;
				GCC_VERSION = "";
				GCC_WARN_64_TO_32_BIT_CONVERSION = YES;
				GCC_WARN_ABOUT_RETURN_TYPE = YES_ERROR;
				GCC_WARN_UNDECLARED_SELECTOR = YES;
				GCC_WARN_UNINITIALIZED_AUTOS = YES_AGGRESSIVE;
				GCC_WARN_UNUSED_FUNCTION = YES;
				INFOPLIST_FILE = ShoeCycleTests/Info.plist;
				IPHONEOS_DEPLOYMENT_TARGET = 16.0;
				LD_RUNPATH_SEARCH_PATHS = (
					"$(inherited)",
					"@executable_path/Frameworks",
					"@loader_path/Frameworks",
				);
				MTL_ENABLE_DEBUG_INFO = INCLUDE_SOURCE;
				MTL_FAST_MATH = YES;
				PRODUCT_BUNDLE_IDENTIFIER = com.ShoeCycleTests;
				PRODUCT_NAME = "$(TARGET_NAME)";
				SWIFT_ACTIVE_COMPILATION_CONDITIONS = DEBUG;
				SWIFT_OPTIMIZATION_LEVEL = "-Onone";
				SWIFT_VERSION = 5.0;
				TARGETED_DEVICE_FAMILY = "1,2";
				TEST_HOST = "$(BUILT_PRODUCTS_DIR)/ShoeCycle.app/ShoeCycle";
			};
			name = Debug;
		};
		1BAC720F2377351300390E8B /* Release */ = {
			isa = XCBuildConfiguration;
			buildSettings = {
				BUNDLE_LOADER = "$(TEST_HOST)";
				CLANG_ANALYZER_NONNULL = YES;
				CLANG_ANALYZER_NUMBER_OBJECT_CONVERSION = YES_AGGRESSIVE;
				CLANG_CXX_LANGUAGE_STANDARD = "gnu++14";
				CLANG_CXX_LIBRARY = "libc++";
				CLANG_ENABLE_MODULES = YES;
				CLANG_ENABLE_OBJC_WEAK = YES;
				CLANG_WARN_BLOCK_CAPTURE_AUTORELEASING = YES;
				CLANG_WARN_BOOL_CONVERSION = YES;
				CLANG_WARN_COMMA = YES;
				CLANG_WARN_CONSTANT_CONVERSION = YES;
				CLANG_WARN_DEPRECATED_OBJC_IMPLEMENTATIONS = YES;
				CLANG_WARN_DIRECT_OBJC_ISA_USAGE = YES_ERROR;
				CLANG_WARN_DOCUMENTATION_COMMENTS = YES;
				CLANG_WARN_EMPTY_BODY = YES;
				CLANG_WARN_ENUM_CONVERSION = YES;
				CLANG_WARN_INFINITE_RECURSION = YES;
				CLANG_WARN_INT_CONVERSION = YES;
				CLANG_WARN_NON_LITERAL_NULL_CONVERSION = YES;
				CLANG_WARN_OBJC_IMPLICIT_RETAIN_SELF = YES;
				CLANG_WARN_OBJC_LITERAL_CONVERSION = YES;
				CLANG_WARN_OBJC_ROOT_CLASS = YES_ERROR;
				CLANG_WARN_RANGE_LOOP_ANALYSIS = YES;
				CLANG_WARN_STRICT_PROTOTYPES = YES;
				CLANG_WARN_SUSPICIOUS_MOVE = YES;
				CLANG_WARN_UNGUARDED_AVAILABILITY = YES_AGGRESSIVE;
				CLANG_WARN_UNREACHABLE_CODE = YES;
				CLANG_WARN__DUPLICATE_METHOD_MATCH = YES;
				CODE_SIGN_STYLE = Automatic;
				COPY_PHASE_STRIP = NO;
				DEBUG_INFORMATION_FORMAT = "dwarf-with-dsym";
				DEVELOPMENT_TEAM = XG8D9FRJ5Q;
				ENABLE_NS_ASSERTIONS = NO;
				ENABLE_STRICT_OBJC_MSGSEND = YES;
				GCC_C_LANGUAGE_STANDARD = gnu11;
				GCC_NO_COMMON_BLOCKS = YES;
				GCC_VERSION = "";
				GCC_WARN_64_TO_32_BIT_CONVERSION = YES;
				GCC_WARN_ABOUT_RETURN_TYPE = YES_ERROR;
				GCC_WARN_UNDECLARED_SELECTOR = YES;
				GCC_WARN_UNINITIALIZED_AUTOS = YES_AGGRESSIVE;
				GCC_WARN_UNUSED_FUNCTION = YES;
				INFOPLIST_FILE = ShoeCycleTests/Info.plist;
				IPHONEOS_DEPLOYMENT_TARGET = 16.0;
				LD_RUNPATH_SEARCH_PATHS = (
					"$(inherited)",
					"@executable_path/Frameworks",
					"@loader_path/Frameworks",
				);
				MTL_ENABLE_DEBUG_INFO = NO;
				MTL_FAST_MATH = YES;
				PRODUCT_BUNDLE_IDENTIFIER = com.ShoeCycleTests;
				PRODUCT_NAME = "$(TARGET_NAME)";
				SWIFT_VERSION = 5.0;
				TARGETED_DEVICE_FAMILY = "1,2";
				TEST_HOST = "$(BUILT_PRODUCTS_DIR)/ShoeCycle.app/ShoeCycle";
			};
			name = Release;
		};
		1BAC72102377351300390E8B /* AdHocDistro */ = {
			isa = XCBuildConfiguration;
			buildSettings = {
				BUNDLE_LOADER = "$(TEST_HOST)";
				CLANG_ANALYZER_NONNULL = YES;
				CLANG_ANALYZER_NUMBER_OBJECT_CONVERSION = YES_AGGRESSIVE;
				CLANG_CXX_LANGUAGE_STANDARD = "gnu++14";
				CLANG_CXX_LIBRARY = "libc++";
				CLANG_ENABLE_MODULES = YES;
				CLANG_ENABLE_OBJC_WEAK = YES;
				CLANG_WARN_BLOCK_CAPTURE_AUTORELEASING = YES;
				CLANG_WARN_BOOL_CONVERSION = YES;
				CLANG_WARN_COMMA = YES;
				CLANG_WARN_CONSTANT_CONVERSION = YES;
				CLANG_WARN_DEPRECATED_OBJC_IMPLEMENTATIONS = YES;
				CLANG_WARN_DIRECT_OBJC_ISA_USAGE = YES_ERROR;
				CLANG_WARN_DOCUMENTATION_COMMENTS = YES;
				CLANG_WARN_EMPTY_BODY = YES;
				CLANG_WARN_ENUM_CONVERSION = YES;
				CLANG_WARN_INFINITE_RECURSION = YES;
				CLANG_WARN_INT_CONVERSION = YES;
				CLANG_WARN_NON_LITERAL_NULL_CONVERSION = YES;
				CLANG_WARN_OBJC_IMPLICIT_RETAIN_SELF = YES;
				CLANG_WARN_OBJC_LITERAL_CONVERSION = YES;
				CLANG_WARN_OBJC_ROOT_CLASS = YES_ERROR;
				CLANG_WARN_RANGE_LOOP_ANALYSIS = YES;
				CLANG_WARN_STRICT_PROTOTYPES = YES;
				CLANG_WARN_SUSPICIOUS_MOVE = YES;
				CLANG_WARN_UNGUARDED_AVAILABILITY = YES_AGGRESSIVE;
				CLANG_WARN_UNREACHABLE_CODE = YES;
				CLANG_WARN__DUPLICATE_METHOD_MATCH = YES;
				CODE_SIGN_STYLE = Automatic;
				COPY_PHASE_STRIP = NO;
				DEBUG_INFORMATION_FORMAT = "dwarf-with-dsym";
				DEVELOPMENT_TEAM = XG8D9FRJ5Q;
				ENABLE_NS_ASSERTIONS = NO;
				ENABLE_STRICT_OBJC_MSGSEND = YES;
				GCC_C_LANGUAGE_STANDARD = gnu11;
				GCC_NO_COMMON_BLOCKS = YES;
				GCC_VERSION = "";
				GCC_WARN_64_TO_32_BIT_CONVERSION = YES;
				GCC_WARN_ABOUT_RETURN_TYPE = YES_ERROR;
				GCC_WARN_UNDECLARED_SELECTOR = YES;
				GCC_WARN_UNINITIALIZED_AUTOS = YES_AGGRESSIVE;
				GCC_WARN_UNUSED_FUNCTION = YES;
				INFOPLIST_FILE = ShoeCycleTests/Info.plist;
				IPHONEOS_DEPLOYMENT_TARGET = 16.0;
				LD_RUNPATH_SEARCH_PATHS = (
					"$(inherited)",
					"@executable_path/Frameworks",
					"@loader_path/Frameworks",
				);
				MTL_ENABLE_DEBUG_INFO = NO;
				MTL_FAST_MATH = YES;
				PRODUCT_BUNDLE_IDENTIFIER = com.ShoeCycleTests;
				PRODUCT_NAME = "$(TARGET_NAME)";
				SWIFT_VERSION = 5.0;
				TARGETED_DEVICE_FAMILY = "1,2";
				TEST_HOST = "$(BUILT_PRODUCTS_DIR)/ShoeCycle.app/ShoeCycle";
			};
			name = AdHocDistro;
		};
		1BCF6452148AF7E7004C0E6A /* Debug */ = {
			isa = XCBuildConfiguration;
			buildSettings = {
				ALWAYS_SEARCH_USER_PATHS = NO;
				CLANG_ENABLE_OBJC_ARC = YES;
				CODE_SIGN_IDENTITY = "iPhone Distribution";
				"CODE_SIGN_IDENTITY[sdk=iphoneos*]" = "iPhone Developer";
				COPY_PHASE_STRIP = NO;
				ENABLE_TESTABILITY = YES;
				GCC_C_LANGUAGE_STANDARD = gnu99;
				GCC_DYNAMIC_NO_PIC = NO;
				GCC_OPTIMIZATION_LEVEL = 0;
				GCC_PREPROCESSOR_DEFINITIONS = (
					"DEBUG=1",
					"$(inherited)",
				);
				GCC_SYMBOLS_PRIVATE_EXTERN = NO;
				GCC_VERSION = com.apple.compilers.llvmgcc42;
				GCC_WARN_ABOUT_MISSING_PROTOTYPES = YES;
				GCC_WARN_ABOUT_RETURN_TYPE = YES;
				GCC_WARN_UNUSED_VARIABLE = YES;
				IPHONEOS_DEPLOYMENT_TARGET = 16.4;
				ONLY_ACTIVE_ARCH = YES;
				PROVISIONING_PROFILE = "";
				SDKROOT = iphoneos;
			};
			name = Debug;
		};
		1BCF6453148AF7E7004C0E6A /* Release */ = {
			isa = XCBuildConfiguration;
			buildSettings = {
				ALWAYS_SEARCH_USER_PATHS = NO;
				CLANG_ENABLE_OBJC_ARC = YES;
				CODE_SIGN_IDENTITY = "iPhone Distribution";
				"CODE_SIGN_IDENTITY[sdk=iphoneos*]" = "iPhone Developer";
				COPY_PHASE_STRIP = YES;
				GCC_C_LANGUAGE_STANDARD = gnu99;
				GCC_VERSION = com.apple.compilers.llvmgcc42;
				GCC_WARN_ABOUT_MISSING_PROTOTYPES = YES;
				GCC_WARN_ABOUT_RETURN_TYPE = YES;
				GCC_WARN_UNUSED_VARIABLE = YES;
				IPHONEOS_DEPLOYMENT_TARGET = 16.4;
				OTHER_CFLAGS = "-DNS_BLOCK_ASSERTIONS=1";
				PROVISIONING_PROFILE = "";
				SDKROOT = iphoneos;
				SWIFT_COMPILATION_MODE = wholemodule;
				SWIFT_OPTIMIZATION_LEVEL = "-O";
				VALIDATE_PRODUCT = YES;
			};
			name = Release;
		};
		1BCF6455148AF7E7004C0E6A /* Debug */ = {
			isa = XCBuildConfiguration;
			buildSettings = {
				ASSETCATALOG_COMPILER_APPICON_NAME = AppIcon;
				CLANG_ENABLE_MODULES = YES;
				CODE_SIGN_ENTITLEMENTS = ShoeCycle.entitlements;
				CODE_SIGN_IDENTITY = "iPhone Developer";
				"CODE_SIGN_IDENTITY[sdk=iphoneos*]" = "iPhone Developer";
				CURRENT_PROJECT_VERSION = 63;
				DEBUG_INFORMATION_FORMAT = "dwarf-with-dsym";
				DEVELOPMENT_TEAM = XG8D9FRJ5Q;
				ENABLE_BITCODE = NO;
				EXCLUDED_ARCHS = "";
				FRAMEWORK_SEARCH_PATHS = (
					"$(inherited)",
					"$(PROJECT_DIR)",
					"$(PROJECT_DIR)/Carthage/Build/iOS",
				);
				GCC_PRECOMPILE_PREFIX_HEADER = YES;
				GCC_PREFIX_HEADER = "RunShoeMileage/ShoeCycle-Prefix.pch";
				GCC_VERSION = com.apple.compilers.llvm.clang.1_0;
				INFOPLIST_FILE = "RunShoeMileage/ShoeCycle-Info.plist";
				IPHONEOS_DEPLOYMENT_TARGET = 16.4;
				LD_RUNPATH_SEARCH_PATHS = (
					"$(inherited)",
					"@executable_path/Frameworks",
				);
				MARKETING_VERSION = 4.6.0;
				PRODUCT_BUNDLE_IDENTIFIER = ZappaDev.ShoeCycle.beta;
				PRODUCT_NAME = ShoeCycle;
				PROVISIONING_PROFILE = "";
				SWIFT_OBJC_BRIDGING_HEADER = "RunShoeMileage/ShoeCycle-Bridging-Header.h";
				SWIFT_OPTIMIZATION_LEVEL = "-Onone";
				SWIFT_VERSION = 5.0;
				WRAPPER_EXTENSION = app;
			};
			name = Debug;
		};
		1BCF6456148AF7E7004C0E6A /* Release */ = {
			isa = XCBuildConfiguration;
			buildSettings = {
				ASSETCATALOG_COMPILER_APPICON_NAME = AppIcon;
				CLANG_ENABLE_MODULES = YES;
				CODE_SIGN_ENTITLEMENTS = ShoeCycle.entitlements;
				CODE_SIGN_IDENTITY = "iPhone Developer";
				"CODE_SIGN_IDENTITY[sdk=iphoneos*]" = "iPhone Developer";
				CURRENT_PROJECT_VERSION = 63;
				DEBUG_INFORMATION_FORMAT = "dwarf-with-dsym";
				DEVELOPMENT_TEAM = XG8D9FRJ5Q;
				ENABLE_BITCODE = NO;
				EXCLUDED_ARCHS = "";
				FRAMEWORK_SEARCH_PATHS = (
					"$(inherited)",
					"$(PROJECT_DIR)",
					"$(PROJECT_DIR)/Carthage/Build/iOS",
				);
				GCC_PRECOMPILE_PREFIX_HEADER = YES;
				GCC_PREFIX_HEADER = "RunShoeMileage/ShoeCycle-Prefix.pch";
				GCC_VERSION = com.apple.compilers.llvm.clang.1_0;
				INFOPLIST_FILE = "RunShoeMileage/ShoeCycle-Info.plist";
				IPHONEOS_DEPLOYMENT_TARGET = 16.4;
				LD_RUNPATH_SEARCH_PATHS = (
					"$(inherited)",
					"@executable_path/Frameworks",
				);
				MARKETING_VERSION = 4.6.0;
				PRODUCT_BUNDLE_IDENTIFIER = ZappaDev.ShoeCycle.beta;
				PRODUCT_NAME = ShoeCycle;
				PROVISIONING_PROFILE = "";
				"PROVISIONING_PROFILE[sdk=iphoneos*]" = "";
				SWIFT_OBJC_BRIDGING_HEADER = "RunShoeMileage/ShoeCycle-Bridging-Header.h";
				SWIFT_VERSION = 5.0;
				WRAPPER_EXTENSION = app;
			};
			name = Release;
		};
/* End XCBuildConfiguration section */

/* Begin XCConfigurationList section */
		1BAC72112377351300390E8B /* Build configuration list for PBXNativeTarget "ShoeCycleTests" */ = {
			isa = XCConfigurationList;
			buildConfigurations = (
				1BAC720E2377351300390E8B /* Debug */,
				1BAC720F2377351300390E8B /* Release */,
				1BAC72102377351300390E8B /* AdHocDistro */,
			);
			defaultConfigurationIsVisible = 0;
			defaultConfigurationName = Release;
		};
		1BCF6433148AF7E5004C0E6A /* Build configuration list for PBXProject "ShoeCycle" */ = {
			isa = XCConfigurationList;
			buildConfigurations = (
				1BCF6452148AF7E7004C0E6A /* Debug */,
				1BCF6453148AF7E7004C0E6A /* Release */,
				1B77CC0914EB65D000FA6E06 /* AdHocDistro */,
			);
			defaultConfigurationIsVisible = 0;
			defaultConfigurationName = Release;
		};
		1BCF6454148AF7E7004C0E6A /* Build configuration list for PBXNativeTarget "ShoeCycle" */ = {
			isa = XCConfigurationList;
			buildConfigurations = (
				1BCF6455148AF7E7004C0E6A /* Debug */,
				1BCF6456148AF7E7004C0E6A /* Release */,
				1B77CC0A14EB65D000FA6E06 /* AdHocDistro */,
			);
			defaultConfigurationIsVisible = 0;
			defaultConfigurationName = Release;
		};
/* End XCConfigurationList section */

/* Begin XCRemoteSwiftPackageReference section */
		1BB8A811288497B500B45B67 /* XCRemoteSwiftPackageReference "firebase-ios-sdk" */ = {
			isa = XCRemoteSwiftPackageReference;
			repositoryURL = "https://github.com/firebase/firebase-ios-sdk.git";
			requirement = {
				kind = upToNextMajorVersion;
				minimumVersion = 9.0.0;
			};
		};
/* End XCRemoteSwiftPackageReference section */

/* Begin XCSwiftPackageProductDependency section */
		1BB8A812288497B500B45B67 /* FirebaseAnalytics */ = {
			isa = XCSwiftPackageProductDependency;
			package = 1BB8A811288497B500B45B67 /* XCRemoteSwiftPackageReference "firebase-ios-sdk" */;
			productName = FirebaseAnalytics;
		};
/* End XCSwiftPackageProductDependency section */

/* Begin XCVersionGroup section */
		1BCEEBAC14B678AB00672194 /* TreadTracker.xcdatamodeld */ = {
			isa = XCVersionGroup;
			children = (
				1BCEEBAD14B678AB00672194 /* TreadTracker.xcdatamodel */,
			);
			currentVersion = 1BCEEBAD14B678AB00672194 /* TreadTracker.xcdatamodel */;
			path = TreadTracker.xcdatamodeld;
			sourceTree = "<group>";
			versionGroupType = wrapper.xcdatamodel;
		};
/* End XCVersionGroup section */
	};
	rootObject = 1BCF6430148AF7E5004C0E6A /* Project object */;
}
