// !$*UTF8*$!
{
	archiveVersion = 1;
	classes = {
	};
	objectVersion = 46;
	objects = {

/* Begin PBXBuildFile section */
		1B0457E314E76EA000D2ECF1 /* addDistanceBackground.png in Resources */ = {isa = PBXBuildFile; fileRef = 1B0457E114E76EA000D2ECF1 /* addDistanceBackground.png */; };
		1B0457E414E76EA000D2ECF1 /* addDistanceBackground@2x.png in Resources */ = {isa = PBXBuildFile; fileRef = 1B0457E214E76EA000D2ECF1 /* addDistanceBackground@2x.png */; };
		1B0457E714E76EE300D2ECF1 /* button-add-run.png in Resources */ = {isa = PBXBuildFile; fileRef = 1B0457E514E76EE300D2ECF1 /* button-add-run.png */; };
		1B0457E814E76EE300D2ECF1 /* button-add-run@2x.png in Resources */ = {isa = PBXBuildFile; fileRef = 1B0457E614E76EE300D2ECF1 /* button-add-run@2x.png */; };
		1B0457F314E7706F00D2ECF1 /* button-distance.png in Resources */ = {isa = PBXBuildFile; fileRef = 1B0457E914E7706F00D2ECF1 /* button-distance.png */; };
		1B0457F414E7706F00D2ECF1 /* button-distance@2x.png in Resources */ = {isa = PBXBuildFile; fileRef = 1B0457EA14E7706F00D2ECF1 /* button-distance@2x.png */; };
		1B0457F514E7706F00D2ECF1 /* button-history.png in Resources */ = {isa = PBXBuildFile; fileRef = 1B0457EB14E7706F00D2ECF1 /* button-history.png */; };
		1B0457F614E7706F00D2ECF1 /* button-history@2x.png in Resources */ = {isa = PBXBuildFile; fileRef = 1B0457EC14E7706F00D2ECF1 /* button-history@2x.png */; };
		1B0457F714E7706F00D2ECF1 /* tabbar-add.png in Resources */ = {isa = PBXBuildFile; fileRef = 1B0457ED14E7706F00D2ECF1 /* tabbar-add.png */; };
		1B0457F814E7706F00D2ECF1 /* tabbar-add@2x.png in Resources */ = {isa = PBXBuildFile; fileRef = 1B0457EE14E7706F00D2ECF1 /* tabbar-add@2x.png */; };
		1B0457F914E7706F00D2ECF1 /* tabbar-gear.png in Resources */ = {isa = PBXBuildFile; fileRef = 1B0457EF14E7706F00D2ECF1 /* tabbar-gear.png */; };
		1B0457FA14E7706F00D2ECF1 /* tabbar-gear@2x.png in Resources */ = {isa = PBXBuildFile; fileRef = 1B0457F014E7706F00D2ECF1 /* tabbar-gear@2x.png */; };
		1B0457FB14E7706F00D2ECF1 /* tabbar-shoe.png in Resources */ = {isa = PBXBuildFile; fileRef = 1B0457F114E7706F00D2ECF1 /* tabbar-shoe.png */; };
		1B0457FC14E7706F00D2ECF1 /* tabbar-shoe@2x.png in Resources */ = {isa = PBXBuildFile; fileRef = 1B0457F214E7706F00D2ECF1 /* tabbar-shoe@2x.png */; };
		1B046D4714F1B0E400850B10 /* Default@2x.png in Resources */ = {isa = PBXBuildFile; fileRef = 1B046D4614F1B0E400850B10 /* Default@2x.png */; };
		1B046D4B14F1B8E900850B10 /* plain-wallpaper.png in Resources */ = {isa = PBXBuildFile; fileRef = 1B046D4914F1B8E900850B10 /* plain-wallpaper.png */; };
		1B046D4C14F1B8E900850B10 /* plain-wallpaper@2x.png in Resources */ = {isa = PBXBuildFile; fileRef = 1B046D4A14F1B8E900850B10 /* plain-wallpaper@2x.png */; };
		1B1B144514B0D882009891D6 /* ShoeStore.m in Sources */ = {isa = PBXBuildFile; fileRef = 1B1B144414B0D882009891D6 /* ShoeStore.m */; };
		1B23E02C14B5257F00B51A6E /* ImageStore.m in Sources */ = {isa = PBXBuildFile; fileRef = 1B23E02B14B5257F00B51A6E /* ImageStore.m */; };
		1B2CC9F714D63A04004F26E2 /* Icon.png in Resources */ = {isa = PBXBuildFile; fileRef = 1B2CC9F614D63A04004F26E2 /* Icon.png */; };
		1B2CC9FA14D63A08004F26E2 /* Icon@2x.png in Resources */ = {isa = PBXBuildFile; fileRef = 1B2CC9F914D63A08004F26E2 /* Icon@2x.png */; };
		1B2E8CA514C9105C00F0917C /* History.m in Sources */ = {isa = PBXBuildFile; fileRef = 1B2E8CA414C9105C00F0917C /* History.m */; };
		1B2E8CA914C98E4500F0917C /* RunHistoryViewController.m in Sources */ = {isa = PBXBuildFile; fileRef = 1B2E8CA714C98E4400F0917C /* RunHistoryViewController.m */; };
		1B2E8CAA14C98E4500F0917C /* RunHistoryViewController.xib in Resources */ = {isa = PBXBuildFile; fileRef = 1B2E8CA814C98E4400F0917C /* RunHistoryViewController.xib */; };
		1B3EE44414DE25F000ACA601 /* ShoeDetailViewController.m in Sources */ = {isa = PBXBuildFile; fileRef = 1B3EE44314DE25F000ACA601 /* ShoeDetailViewController.m */; };
		1B42028514A97C060064C078 /* ShoeDetailViewController.xib in Resources */ = {isa = PBXBuildFile; fileRef = 1B42028314A97C050064C078 /* ShoeDetailViewController.xib */; };
		1B5608BA150C491500C58E52 /* Icon-settings.png in Resources */ = {isa = PBXBuildFile; fileRef = 1B5608B6150C491500C58E52 /* Icon-settings.png */; };
		1B5608BB150C491500C58E52 /* Icon-settings@2x.png in Resources */ = {isa = PBXBuildFile; fileRef = 1B5608B7150C491500C58E52 /* Icon-settings@2x.png */; };
		1B5608BC150C491500C58E52 /* Icon-spot~ipad.png in Resources */ = {isa = PBXBuildFile; fileRef = 1B5608B8150C491500C58E52 /* Icon-spot~ipad.png */; };
		1B5608BD150C491500C58E52 /* Icon~ipad.png in Resources */ = {isa = PBXBuildFile; fileRef = 1B5608B9150C491500C58E52 /* Icon~ipad.png */; };
		1B715A5514AE65EF002207FA /* StandardDistancesViewController.m in Sources */ = {isa = PBXBuildFile; fileRef = 1B715A5314AE65EE002207FA /* StandardDistancesViewController.m */; };
		1B715A5614AE65EF002207FA /* StandardDistancesViewController.xib in Resources */ = {isa = PBXBuildFile; fileRef = 1B715A5414AE65EE002207FA /* StandardDistancesViewController.xib */; };
		1B7D4B1B19D27F42000094DE /* RunDatePickerViewController.m in Sources */ = {isa = PBXBuildFile; fileRef = 1B7D4B1919D27F42000094DE /* RunDatePickerViewController.m */; };
		1B7D4B1C19D27F42000094DE /* RunDatePickerViewController.xib in Resources */ = {isa = PBXBuildFile; fileRef = 1B7D4B1A19D27F42000094DE /* RunDatePickerViewController.xib */; };
		1B7D4B1E19D3C66A000094DE /* Default-568h@2x.png in Resources */ = {isa = PBXBuildFile; fileRef = 1B7D4B1D19D3C66A000094DE /* Default-568h@2x.png */; };
		1B822C4314ECB03500D4AFDF /* icon.png in Resources */ = {isa = PBXBuildFile; fileRef = 1B822C4214ECB03500D4AFDF /* icon.png */; };
		1B822C4614ECB03B00D4AFDF /* icon@2x.png in Resources */ = {isa = PBXBuildFile; fileRef = 1B822C4514ECB03B00D4AFDF /* icon@2x.png */; };
		1BB0745518D4F8280037E1F2 /* black_mamba@2X.png in Resources */ = {isa = PBXBuildFile; fileRef = 1BB0745318D4F8280037E1F2 /* black_mamba@2X.png */; };
		1BB0745618D4F8280037E1F2 /* black_mamba.png in Resources */ = {isa = PBXBuildFile; fileRef = 1BB0745418D4F8280037E1F2 /* black_mamba.png */; };
		1BC08E7B14D42171007A4344 /* Shoe.m in Sources */ = {isa = PBXBuildFile; fileRef = 1BC08E7A14D42171007A4344 /* Shoe.m */; };
		1BC5183914A35CF80033EFC3 /* EditShoesViewController.m in Sources */ = {isa = PBXBuildFile; fileRef = 1BC5183714A35CF80033EFC3 /* EditShoesViewController.m */; };
		1BC5183F14A35D240033EFC3 /* SetupViewController.m in Sources */ = {isa = PBXBuildFile; fileRef = 1BC5183D14A35D240033EFC3 /* SetupViewController.m */; };
		1BC5184014A35D240033EFC3 /* SetupViewController.xib in Resources */ = {isa = PBXBuildFile; fileRef = 1BC5183E14A35D240033EFC3 /* SetupViewController.xib */; };
		1BC8647F14F31E7700F4D6DC /* add-shoe-wallpaper.png in Resources */ = {isa = PBXBuildFile; fileRef = 1BC8647D14F31E7700F4D6DC /* add-shoe-wallpaper.png */; };
		1BC8648014F31E7700F4D6DC /* add-shoe-wallpaper@2x.png in Resources */ = {isa = PBXBuildFile; fileRef = 1BC8647E14F31E7700F4D6DC /* add-shoe-wallpaper@2x.png */; };
		1BC94F5814F491C2004CEE6F /* settings-wallpaper.png in Resources */ = {isa = PBXBuildFile; fileRef = 1BC94F5614F491C2004CEE6F /* settings-wallpaper.png */; };
		1BC94F5914F491C2004CEE6F /* settings-wallpaper@2x.png in Resources */ = {isa = PBXBuildFile; fileRef = 1BC94F5714F491C2004CEE6F /* settings-wallpaper@2x.png */; };
		1BC94F5D14F499ED004CEE6F /* popular-distances-wallpaper.png in Resources */ = {isa = PBXBuildFile; fileRef = 1BC94F5B14F499ED004CEE6F /* popular-distances-wallpaper.png */; };
		1BC94F5E14F499ED004CEE6F /* popular-distances-wallpaper@2x.png in Resources */ = {isa = PBXBuildFile; fileRef = 1BC94F5C14F499ED004CEE6F /* popular-distances-wallpaper@2x.png */; };
		1BC94F6114F49A20004CEE6F /* button-fav.png in Resources */ = {isa = PBXBuildFile; fileRef = 1BC94F5F14F49A20004CEE6F /* button-fav.png */; };
		1BC94F6214F49A20004CEE6F /* button-fav@2x.png in Resources */ = {isa = PBXBuildFile; fileRef = 1BC94F6014F49A20004CEE6F /* button-fav@2x.png */; };
		1BCEEBAE14B678AB00672194 /* TreadTracker.xcdatamodeld in Sources */ = {isa = PBXBuildFile; fileRef = 1BCEEBAC14B678AB00672194 /* TreadTracker.xcdatamodeld */; };
		1BCEEBB914B69B0200672194 /* FileHelpers.m in Sources */ = {isa = PBXBuildFile; fileRef = 1BCEEBB814B69B0200672194 /* FileHelpers.m */; };
		1BCF643E148AF7E7004C0E6A /* UIKit.framework in Frameworks */ = {isa = PBXBuildFile; fileRef = 1BCF643D148AF7E7004C0E6A /* UIKit.framework */; };
		1BCF6440148AF7E7004C0E6A /* Foundation.framework in Frameworks */ = {isa = PBXBuildFile; fileRef = 1BCF643F148AF7E7004C0E6A /* Foundation.framework */; };
		1BCF6442148AF7E7004C0E6A /* CoreGraphics.framework in Frameworks */ = {isa = PBXBuildFile; fileRef = 1BCF6441148AF7E7004C0E6A /* CoreGraphics.framework */; };
		1BCF6448148AF7E7004C0E6A /* InfoPlist.strings in Resources */ = {isa = PBXBuildFile; fileRef = 1BCF6446148AF7E7004C0E6A /* InfoPlist.strings */; };
		1BCF644A148AF7E7004C0E6A /* main.m in Sources */ = {isa = PBXBuildFile; fileRef = 1BCF6449148AF7E7004C0E6A /* main.m */; };
		1BCF644E148AF7E7004C0E6A /* RunShoeMileageAppDelegate.m in Sources */ = {isa = PBXBuildFile; fileRef = 1BCF644D148AF7E7004C0E6A /* RunShoeMileageAppDelegate.m */; };
		1BCFA80A14CED3DF00D56D6C /* UserDistanceSetting.m in Sources */ = {isa = PBXBuildFile; fileRef = 1BCFA80914CED3DF00D56D6C /* UserDistanceSetting.m */; };
		1BD2FAEE14B5D343006A4542 /* CoreData.framework in Frameworks */ = {isa = PBXBuildFile; fileRef = 1BD2FAED14B5D343006A4542 /* CoreData.framework */; };
		1BD976D714BB1C720012E958 /* Default.png in Resources */ = {isa = PBXBuildFile; fileRef = 1BD976D614BB1C720012E958 /* Default.png */; };
		1BDDEC5E148BDF8B009E5436 /* AddDistanceViewController.m in Sources */ = {isa = PBXBuildFile; fileRef = 1BDDEC5C148BDF8B009E5436 /* AddDistanceViewController.m */; };
		1BDDEC5F148BDF8C009E5436 /* AddDistanceViewController.xib in Resources */ = {isa = PBXBuildFile; fileRef = 1BDDEC5D148BDF8B009E5436 /* AddDistanceViewController.xib */; };
		1BE7C0591495B2B70002C332 /* MainWindow.xib in Resources */ = {isa = PBXBuildFile; fileRef = 1BCF644F148AF7E7004C0E6A /* MainWindow.xib */; };
/* End PBXBuildFile section */

/* Begin PBXFileReference section */
		1B0457E114E76EA000D2ECF1 /* addDistanceBackground.png */ = {isa = PBXFileReference; lastKnownFileType = image.png; name = addDistanceBackground.png; path = RunShoeMileage/images/addDistanceBackground.png; sourceTree = "<group>"; };
		1B0457E214E76EA000D2ECF1 /* addDistanceBackground@2x.png */ = {isa = PBXFileReference; lastKnownFileType = image.png; name = "addDistanceBackground@2x.png"; path = "RunShoeMileage/images/addDistanceBackground@2x.png"; sourceTree = "<group>"; };
		1B0457E514E76EE300D2ECF1 /* button-add-run.png */ = {isa = PBXFileReference; lastKnownFileType = image.png; name = "button-add-run.png"; path = "RunShoeMileage/images/button-add-run.png"; sourceTree = "<group>"; };
		1B0457E614E76EE300D2ECF1 /* button-add-run@2x.png */ = {isa = PBXFileReference; lastKnownFileType = image.png; name = "button-add-run@2x.png"; path = "RunShoeMileage/images/button-add-run@2x.png"; sourceTree = "<group>"; };
		1B0457E914E7706F00D2ECF1 /* button-distance.png */ = {isa = PBXFileReference; lastKnownFileType = image.png; name = "button-distance.png"; path = "RunShoeMileage/images/button-distance.png"; sourceTree = "<group>"; };
		1B0457EA14E7706F00D2ECF1 /* button-distance@2x.png */ = {isa = PBXFileReference; lastKnownFileType = image.png; name = "button-distance@2x.png"; path = "RunShoeMileage/images/button-distance@2x.png"; sourceTree = "<group>"; };
		1B0457EB14E7706F00D2ECF1 /* button-history.png */ = {isa = PBXFileReference; lastKnownFileType = image.png; name = "button-history.png"; path = "RunShoeMileage/images/button-history.png"; sourceTree = "<group>"; };
		1B0457EC14E7706F00D2ECF1 /* button-history@2x.png */ = {isa = PBXFileReference; lastKnownFileType = image.png; name = "button-history@2x.png"; path = "RunShoeMileage/images/button-history@2x.png"; sourceTree = "<group>"; };
		1B0457ED14E7706F00D2ECF1 /* tabbar-add.png */ = {isa = PBXFileReference; lastKnownFileType = image.png; name = "tabbar-add.png"; path = "RunShoeMileage/images/tabbar-add.png"; sourceTree = "<group>"; };
		1B0457EE14E7706F00D2ECF1 /* tabbar-add@2x.png */ = {isa = PBXFileReference; lastKnownFileType = image.png; name = "tabbar-add@2x.png"; path = "RunShoeMileage/images/tabbar-add@2x.png"; sourceTree = "<group>"; };
		1B0457EF14E7706F00D2ECF1 /* tabbar-gear.png */ = {isa = PBXFileReference; lastKnownFileType = image.png; name = "tabbar-gear.png"; path = "RunShoeMileage/images/tabbar-gear.png"; sourceTree = "<group>"; };
		1B0457F014E7706F00D2ECF1 /* tabbar-gear@2x.png */ = {isa = PBXFileReference; lastKnownFileType = image.png; name = "tabbar-gear@2x.png"; path = "RunShoeMileage/images/tabbar-gear@2x.png"; sourceTree = "<group>"; };
		1B0457F114E7706F00D2ECF1 /* tabbar-shoe.png */ = {isa = PBXFileReference; lastKnownFileType = image.png; name = "tabbar-shoe.png"; path = "RunShoeMileage/images/tabbar-shoe.png"; sourceTree = "<group>"; };
		1B0457F214E7706F00D2ECF1 /* tabbar-shoe@2x.png */ = {isa = PBXFileReference; lastKnownFileType = image.png; name = "tabbar-shoe@2x.png"; path = "RunShoeMileage/images/tabbar-shoe@2x.png"; sourceTree = "<group>"; };
		1B046D4614F1B0E400850B10 /* Default@2x.png */ = {isa = PBXFileReference; lastKnownFileType = image.png; path = "Default@2x.png"; sourceTree = "<group>"; };
		1B046D4914F1B8E900850B10 /* plain-wallpaper.png */ = {isa = PBXFileReference; lastKnownFileType = image.png; name = "plain-wallpaper.png"; path = "RunShoeMileage/images/plain-wallpaper.png"; sourceTree = "<group>"; };
		1B046D4A14F1B8E900850B10 /* plain-wallpaper@2x.png */ = {isa = PBXFileReference; lastKnownFileType = image.png; name = "plain-wallpaper@2x.png"; path = "RunShoeMileage/images/plain-wallpaper@2x.png"; sourceTree = "<group>"; };
		1B1B144314B0D882009891D6 /* ShoeStore.h */ = {isa = PBXFileReference; fileEncoding = 4; lastKnownFileType = sourcecode.c.h; path = ShoeStore.h; sourceTree = "<group>"; };
		1B1B144414B0D882009891D6 /* ShoeStore.m */ = {isa = PBXFileReference; fileEncoding = 4; lastKnownFileType = sourcecode.c.objc; path = ShoeStore.m; sourceTree = "<group>"; };
		1B23E02A14B5257F00B51A6E /* ImageStore.h */ = {isa = PBXFileReference; fileEncoding = 4; lastKnownFileType = sourcecode.c.h; path = ImageStore.h; sourceTree = "<group>"; };
		1B23E02B14B5257F00B51A6E /* ImageStore.m */ = {isa = PBXFileReference; fileEncoding = 4; lastKnownFileType = sourcecode.c.objc; path = ImageStore.m; sourceTree = "<group>"; };
		1B2CC9F614D63A04004F26E2 /* Icon.png */ = {isa = PBXFileReference; lastKnownFileType = image.png; path = Icon.png; sourceTree = "<group>"; };
		1B2CC9F914D63A08004F26E2 /* Icon@2x.png */ = {isa = PBXFileReference; lastKnownFileType = image.png; path = "Icon@2x.png"; sourceTree = "<group>"; };
		1B2E8CA314C9105C00F0917C /* History.h */ = {isa = PBXFileReference; fileEncoding = 4; lastKnownFileType = sourcecode.c.h; path = History.h; sourceTree = "<group>"; };
		1B2E8CA414C9105C00F0917C /* History.m */ = {isa = PBXFileReference; fileEncoding = 4; lastKnownFileType = sourcecode.c.objc; path = History.m; sourceTree = "<group>"; };
		1B2E8CA614C98E4400F0917C /* RunHistoryViewController.h */ = {isa = PBXFileReference; fileEncoding = 4; lastKnownFileType = sourcecode.c.h; path = RunHistoryViewController.h; sourceTree = "<group>"; };
		1B2E8CA714C98E4400F0917C /* RunHistoryViewController.m */ = {isa = PBXFileReference; fileEncoding = 4; lastKnownFileType = sourcecode.c.objc; path = RunHistoryViewController.m; sourceTree = "<group>"; };
		1B2E8CA814C98E4400F0917C /* RunHistoryViewController.xib */ = {isa = PBXFileReference; fileEncoding = 4; lastKnownFileType = file.xib; path = RunHistoryViewController.xib; sourceTree = "<group>"; };
		1B3EE44314DE25F000ACA601 /* ShoeDetailViewController.m */ = {isa = PBXFileReference; fileEncoding = 4; lastKnownFileType = sourcecode.c.objc; path = ShoeDetailViewController.m; sourceTree = "<group>"; };
		1B42028114A97C040064C078 /* ShoeDetailViewController.h */ = {isa = PBXFileReference; fileEncoding = 4; lastKnownFileType = sourcecode.c.h; name = ShoeDetailViewController.h; path = ../ShoeDetailViewController.h; sourceTree = "<group>"; };
		1B42028314A97C050064C078 /* ShoeDetailViewController.xib */ = {isa = PBXFileReference; fileEncoding = 4; lastKnownFileType = file.xib; name = ShoeDetailViewController.xib; path = ../ShoeDetailViewController.xib; sourceTree = "<group>"; };
		1B5608B6150C491500C58E52 /* Icon-settings.png */ = {isa = PBXFileReference; lastKnownFileType = image.png; path = "Icon-settings.png"; sourceTree = "<group>"; };
		1B5608B7150C491500C58E52 /* Icon-settings@2x.png */ = {isa = PBXFileReference; lastKnownFileType = image.png; path = "Icon-settings@2x.png"; sourceTree = "<group>"; };
		1B5608B8150C491500C58E52 /* Icon-spot~ipad.png */ = {isa = PBXFileReference; lastKnownFileType = image.png; path = "Icon-spot~ipad.png"; sourceTree = "<group>"; };
		1B5608B9150C491500C58E52 /* Icon~ipad.png */ = {isa = PBXFileReference; lastKnownFileType = image.png; path = "Icon~ipad.png"; sourceTree = "<group>"; };
		1B715A5214AE65EE002207FA /* StandardDistancesViewController.h */ = {isa = PBXFileReference; fileEncoding = 4; lastKnownFileType = sourcecode.c.h; path = StandardDistancesViewController.h; sourceTree = "<group>"; };
		1B715A5314AE65EE002207FA /* StandardDistancesViewController.m */ = {isa = PBXFileReference; fileEncoding = 4; lastKnownFileType = sourcecode.c.objc; path = StandardDistancesViewController.m; sourceTree = "<group>"; };
		1B715A5414AE65EE002207FA /* StandardDistancesViewController.xib */ = {isa = PBXFileReference; fileEncoding = 4; lastKnownFileType = file.xib; path = StandardDistancesViewController.xib; sourceTree = "<group>"; };
		1B7D4B1819D27F42000094DE /* RunDatePickerViewController.h */ = {isa = PBXFileReference; fileEncoding = 4; lastKnownFileType = sourcecode.c.h; path = RunDatePickerViewController.h; sourceTree = "<group>"; };
		1B7D4B1919D27F42000094DE /* RunDatePickerViewController.m */ = {isa = PBXFileReference; fileEncoding = 4; lastKnownFileType = sourcecode.c.objc; path = RunDatePickerViewController.m; sourceTree = "<group>"; };
		1B7D4B1A19D27F42000094DE /* RunDatePickerViewController.xib */ = {isa = PBXFileReference; fileEncoding = 4; lastKnownFileType = file.xib; path = RunDatePickerViewController.xib; sourceTree = "<group>"; };
		1B7D4B1D19D3C66A000094DE /* Default-568h@2x.png */ = {isa = PBXFileReference; lastKnownFileType = image.png; path = "Default-568h@2x.png"; sourceTree = "<group>"; };
		1B822C4214ECB03500D4AFDF /* icon.png */ = {isa = PBXFileReference; lastKnownFileType = image.png; path = icon.png; sourceTree = "<group>"; };
		1B822C4514ECB03B00D4AFDF /* icon@2x.png */ = {isa = PBXFileReference; lastKnownFileType = image.png; path = "icon@2x.png"; sourceTree = "<group>"; };
		1BB0745318D4F8280037E1F2 /* black_mamba@2X.png */ = {isa = PBXFileReference; lastKnownFileType = image.png; path = "black_mamba@2X.png"; sourceTree = "<group>"; };
		1BB0745418D4F8280037E1F2 /* black_mamba.png */ = {isa = PBXFileReference; lastKnownFileType = image.png; path = black_mamba.png; sourceTree = "<group>"; };
		1BC08E7914D42171007A4344 /* Shoe.h */ = {isa = PBXFileReference; fileEncoding = 4; lastKnownFileType = sourcecode.c.h; path = Shoe.h; sourceTree = "<group>"; };
		1BC08E7A14D42171007A4344 /* Shoe.m */ = {isa = PBXFileReference; fileEncoding = 4; lastKnownFileType = sourcecode.c.objc; path = Shoe.m; sourceTree = "<group>"; };
		1BC5183614A35CF80033EFC3 /* EditShoesViewController.h */ = {isa = PBXFileReference; fileEncoding = 4; lastKnownFileType = sourcecode.c.h; path = EditShoesViewController.h; sourceTree = "<group>"; };
		1BC5183714A35CF80033EFC3 /* EditShoesViewController.m */ = {isa = PBXFileReference; fileEncoding = 4; lastKnownFileType = sourcecode.c.objc; path = EditShoesViewController.m; sourceTree = "<group>"; };
		1BC5183C14A35D240033EFC3 /* SetupViewController.h */ = {isa = PBXFileReference; fileEncoding = 4; lastKnownFileType = sourcecode.c.h; path = SetupViewController.h; sourceTree = "<group>"; };
		1BC5183D14A35D240033EFC3 /* SetupViewController.m */ = {isa = PBXFileReference; fileEncoding = 4; lastKnownFileType = sourcecode.c.objc; path = SetupViewController.m; sourceTree = "<group>"; };
		1BC5183E14A35D240033EFC3 /* SetupViewController.xib */ = {isa = PBXFileReference; fileEncoding = 4; lastKnownFileType = file.xib; path = SetupViewController.xib; sourceTree = "<group>"; };
		1BC8647D14F31E7700F4D6DC /* add-shoe-wallpaper.png */ = {isa = PBXFileReference; lastKnownFileType = image.png; name = "add-shoe-wallpaper.png"; path = "RunShoeMileage/images/add-shoe-wallpaper.png"; sourceTree = "<group>"; };
		1BC8647E14F31E7700F4D6DC /* add-shoe-wallpaper@2x.png */ = {isa = PBXFileReference; lastKnownFileType = image.png; name = "add-shoe-wallpaper@2x.png"; path = "RunShoeMileage/images/add-shoe-wallpaper@2x.png"; sourceTree = "<group>"; };
		1BC94F5614F491C2004CEE6F /* settings-wallpaper.png */ = {isa = PBXFileReference; lastKnownFileType = image.png; name = "settings-wallpaper.png"; path = "RunShoeMileage/images/settings-wallpaper.png"; sourceTree = "<group>"; };
		1BC94F5714F491C2004CEE6F /* settings-wallpaper@2x.png */ = {isa = PBXFileReference; lastKnownFileType = image.png; name = "settings-wallpaper@2x.png"; path = "RunShoeMileage/images/settings-wallpaper@2x.png"; sourceTree = "<group>"; };
		1BC94F5B14F499ED004CEE6F /* popular-distances-wallpaper.png */ = {isa = PBXFileReference; lastKnownFileType = image.png; name = "popular-distances-wallpaper.png"; path = "RunShoeMileage/images/popular-distances-wallpaper.png"; sourceTree = "<group>"; };
		1BC94F5C14F499ED004CEE6F /* popular-distances-wallpaper@2x.png */ = {isa = PBXFileReference; lastKnownFileType = image.png; name = "popular-distances-wallpaper@2x.png"; path = "RunShoeMileage/images/popular-distances-wallpaper@2x.png"; sourceTree = "<group>"; };
		1BC94F5F14F49A20004CEE6F /* button-fav.png */ = {isa = PBXFileReference; lastKnownFileType = image.png; name = "button-fav.png"; path = "RunShoeMileage/images/button-fav.png"; sourceTree = "<group>"; };
		1BC94F6014F49A20004CEE6F /* button-fav@2x.png */ = {isa = PBXFileReference; lastKnownFileType = image.png; name = "button-fav@2x.png"; path = "RunShoeMileage/images/button-fav@2x.png"; sourceTree = "<group>"; };
		1BCEEBAD14B678AB00672194 /* TreadTracker.xcdatamodel */ = {isa = PBXFileReference; lastKnownFileType = wrapper.xcdatamodel; path = TreadTracker.xcdatamodel; sourceTree = "<group>"; };
		1BCEEBB714B69B0200672194 /* FileHelpers.h */ = {isa = PBXFileReference; fileEncoding = 4; lastKnownFileType = sourcecode.c.h; path = FileHelpers.h; sourceTree = "<group>"; };
		1BCEEBB814B69B0200672194 /* FileHelpers.m */ = {isa = PBXFileReference; fileEncoding = 4; lastKnownFileType = sourcecode.c.objc; path = FileHelpers.m; sourceTree = "<group>"; };
		1BCF6439148AF7E7004C0E6A /* ShoeCycle.app */ = {isa = PBXFileReference; explicitFileType = wrapper.application; includeInIndex = 0; path = ShoeCycle.app; sourceTree = BUILT_PRODUCTS_DIR; };
		1BCF643D148AF7E7004C0E6A /* UIKit.framework */ = {isa = PBXFileReference; lastKnownFileType = wrapper.framework; name = UIKit.framework; path = System/Library/Frameworks/UIKit.framework; sourceTree = SDKROOT; };
		1BCF643F148AF7E7004C0E6A /* Foundation.framework */ = {isa = PBXFileReference; lastKnownFileType = wrapper.framework; name = Foundation.framework; path = System/Library/Frameworks/Foundation.framework; sourceTree = SDKROOT; };
		1BCF6441148AF7E7004C0E6A /* CoreGraphics.framework */ = {isa = PBXFileReference; lastKnownFileType = wrapper.framework; name = CoreGraphics.framework; path = System/Library/Frameworks/CoreGraphics.framework; sourceTree = SDKROOT; };
		1BCF6445148AF7E7004C0E6A /* ShoeCycle-Info.plist */ = {isa = PBXFileReference; lastKnownFileType = text.plist.xml; path = "ShoeCycle-Info.plist"; sourceTree = "<group>"; };
		1BCF6447148AF7E7004C0E6A /* en */ = {isa = PBXFileReference; lastKnownFileType = text.plist.strings; name = en; path = en.lproj/InfoPlist.strings; sourceTree = "<group>"; };
		1BCF6449148AF7E7004C0E6A /* main.m */ = {isa = PBXFileReference; lastKnownFileType = sourcecode.c.objc; path = main.m; sourceTree = "<group>"; };
		1BCF644B148AF7E7004C0E6A /* ShoeCycle-Prefix.pch */ = {isa = PBXFileReference; lastKnownFileType = sourcecode.c.h; path = "ShoeCycle-Prefix.pch"; sourceTree = "<group>"; };
		1BCF644C148AF7E7004C0E6A /* RunShoeMileageAppDelegate.h */ = {isa = PBXFileReference; lastKnownFileType = sourcecode.c.h; path = RunShoeMileageAppDelegate.h; sourceTree = "<group>"; };
		1BCF644D148AF7E7004C0E6A /* RunShoeMileageAppDelegate.m */ = {isa = PBXFileReference; lastKnownFileType = sourcecode.c.objc; path = RunShoeMileageAppDelegate.m; sourceTree = "<group>"; };
		1BCF6450148AF7E7004C0E6A /* en */ = {isa = PBXFileReference; lastKnownFileType = file.xib; name = en; path = en.lproj/MainWindow.xib; sourceTree = "<group>"; };
		1BCFA80814CED3DF00D56D6C /* UserDistanceSetting.h */ = {isa = PBXFileReference; fileEncoding = 4; lastKnownFileType = sourcecode.c.h; path = UserDistanceSetting.h; sourceTree = "<group>"; };
		1BCFA80914CED3DF00D56D6C /* UserDistanceSetting.m */ = {isa = PBXFileReference; fileEncoding = 4; lastKnownFileType = sourcecode.c.objc; path = UserDistanceSetting.m; sourceTree = "<group>"; };
		1BD2FAED14B5D343006A4542 /* CoreData.framework */ = {isa = PBXFileReference; lastKnownFileType = wrapper.framework; name = CoreData.framework; path = System/Library/Frameworks/CoreData.framework; sourceTree = SDKROOT; };
		1BD976D614BB1C720012E958 /* Default.png */ = {isa = PBXFileReference; lastKnownFileType = image.png; path = Default.png; sourceTree = "<group>"; };
		1BDDEC5B148BDF8B009E5436 /* AddDistanceViewController.h */ = {isa = PBXFileReference; fileEncoding = 4; lastKnownFileType = sourcecode.c.h; path = AddDistanceViewController.h; sourceTree = "<group>"; };
		1BDDEC5C148BDF8B009E5436 /* AddDistanceViewController.m */ = {isa = PBXFileReference; fileEncoding = 4; lastKnownFileType = sourcecode.c.objc; path = AddDistanceViewController.m; sourceTree = "<group>"; };
		1BDDEC5D148BDF8B009E5436 /* AddDistanceViewController.xib */ = {isa = PBXFileReference; fileEncoding = 4; lastKnownFileType = file.xib; path = AddDistanceViewController.xib; sourceTree = "<group>"; };
/* End PBXFileReference section */

/* Begin PBXFrameworksBuildPhase section */
		1BCF6436148AF7E6004C0E6A /* Frameworks */ = {
			isa = PBXFrameworksBuildPhase;
			buildActionMask = 2147483647;
			files = (
				1BD2FAEE14B5D343006A4542 /* CoreData.framework in Frameworks */,
				1BCF643E148AF7E7004C0E6A /* UIKit.framework in Frameworks */,
				1BCF6440148AF7E7004C0E6A /* Foundation.framework in Frameworks */,
				1BCF6442148AF7E7004C0E6A /* CoreGraphics.framework in Frameworks */,
			);
			runOnlyForDeploymentPostprocessing = 0;
		};
/* End PBXFrameworksBuildPhase section */

/* Begin PBXGroup section */
		1B3EE43E14DDFF7A00ACA601 /* Images */ = {
			isa = PBXGroup;
			children = (
				1BB0745318D4F8280037E1F2 /* black_mamba@2X.png */,
				1BB0745418D4F8280037E1F2 /* black_mamba.png */,
				1BC94F5F14F49A20004CEE6F /* button-fav.png */,
				1BC94F6014F49A20004CEE6F /* button-fav@2x.png */,
				1BC94F5B14F499ED004CEE6F /* popular-distances-wallpaper.png */,
				1BC94F5C14F499ED004CEE6F /* popular-distances-wallpaper@2x.png */,
				1BC94F5614F491C2004CEE6F /* settings-wallpaper.png */,
				1BC94F5714F491C2004CEE6F /* settings-wallpaper@2x.png */,
				1BC8647D14F31E7700F4D6DC /* add-shoe-wallpaper.png */,
				1BC8647E14F31E7700F4D6DC /* add-shoe-wallpaper@2x.png */,
				1B046D4914F1B8E900850B10 /* plain-wallpaper.png */,
				1B046D4A14F1B8E900850B10 /* plain-wallpaper@2x.png */,
				1B0457E914E7706F00D2ECF1 /* button-distance.png */,
				1B0457EA14E7706F00D2ECF1 /* button-distance@2x.png */,
				1B0457EB14E7706F00D2ECF1 /* button-history.png */,
				1B0457EC14E7706F00D2ECF1 /* button-history@2x.png */,
				1B0457ED14E7706F00D2ECF1 /* tabbar-add.png */,
				1B0457EE14E7706F00D2ECF1 /* tabbar-add@2x.png */,
				1B0457EF14E7706F00D2ECF1 /* tabbar-gear.png */,
				1B0457F014E7706F00D2ECF1 /* tabbar-gear@2x.png */,
				1B0457F114E7706F00D2ECF1 /* tabbar-shoe.png */,
				1B0457F214E7706F00D2ECF1 /* tabbar-shoe@2x.png */,
				1B0457E514E76EE300D2ECF1 /* button-add-run.png */,
				1B0457E614E76EE300D2ECF1 /* button-add-run@2x.png */,
				1B0457E114E76EA000D2ECF1 /* addDistanceBackground.png */,
				1B0457E214E76EA000D2ECF1 /* addDistanceBackground@2x.png */,
			);
			name = Images;
			sourceTree = "<group>";
		};
		1BCF642E148AF7E5004C0E6A = {
			isa = PBXGroup;
			children = (
				1B7D4B1D19D3C66A000094DE /* Default-568h@2x.png */,
				1BD976D614BB1C720012E958 /* Default.png */,
				1B046D4614F1B0E400850B10 /* Default@2x.png */,
				1B822C4514ECB03B00D4AFDF /* icon@2x.png */,
				1B822C4214ECB03500D4AFDF /* icon.png */,
				1B5608B6150C491500C58E52 /* Icon-settings.png */,
				1B5608B7150C491500C58E52 /* Icon-settings@2x.png */,
				1B5608B8150C491500C58E52 /* Icon-spot~ipad.png */,
				1B5608B9150C491500C58E52 /* Icon~ipad.png */,
				1B2CC9F914D63A08004F26E2 /* Icon@2x.png */,
				1B2CC9F614D63A04004F26E2 /* Icon.png */,
				1B3EE43E14DDFF7A00ACA601 /* Images */,
				1BCF6443148AF7E7004C0E6A /* RunShoeMileage */,
				1BCF643C148AF7E7004C0E6A /* Frameworks */,
				1BCF643A148AF7E7004C0E6A /* Products */,
			);
			sourceTree = "<group>";
		};
		1BCF643A148AF7E7004C0E6A /* Products */ = {
			isa = PBXGroup;
			children = (
				1BCF6439148AF7E7004C0E6A /* ShoeCycle.app */,
			);
			name = Products;
			sourceTree = "<group>";
		};
		1BCF643C148AF7E7004C0E6A /* Frameworks */ = {
			isa = PBXGroup;
			children = (
				1BD2FAED14B5D343006A4542 /* CoreData.framework */,
				1BCF643D148AF7E7004C0E6A /* UIKit.framework */,
				1BCF643F148AF7E7004C0E6A /* Foundation.framework */,
				1BCF6441148AF7E7004C0E6A /* CoreGraphics.framework */,
			);
			name = Frameworks;
			sourceTree = "<group>";
		};
		1BCF6443148AF7E7004C0E6A /* RunShoeMileage */ = {
			isa = PBXGroup;
			children = (
				1BCF644C148AF7E7004C0E6A /* RunShoeMileageAppDelegate.h */,
				1BCF644D148AF7E7004C0E6A /* RunShoeMileageAppDelegate.m */,
				1BCF644F148AF7E7004C0E6A /* MainWindow.xib */,
				1BDDEC5B148BDF8B009E5436 /* AddDistanceViewController.h */,
				1BDDEC5C148BDF8B009E5436 /* AddDistanceViewController.m */,
				1BDDEC5D148BDF8B009E5436 /* AddDistanceViewController.xib */,
				1B7D4B1819D27F42000094DE /* RunDatePickerViewController.h */,
				1B7D4B1919D27F42000094DE /* RunDatePickerViewController.m */,
				1B7D4B1A19D27F42000094DE /* RunDatePickerViewController.xib */,
				1BC5183614A35CF80033EFC3 /* EditShoesViewController.h */,
				1BC5183714A35CF80033EFC3 /* EditShoesViewController.m */,
				1B23E02A14B5257F00B51A6E /* ImageStore.h */,
				1B23E02B14B5257F00B51A6E /* ImageStore.m */,
				1BCEEBB714B69B0200672194 /* FileHelpers.h */,
				1BCEEBB814B69B0200672194 /* FileHelpers.m */,
				1B2E8CA614C98E4400F0917C /* RunHistoryViewController.h */,
				1B2E8CA714C98E4400F0917C /* RunHistoryViewController.m */,
				1B2E8CA814C98E4400F0917C /* RunHistoryViewController.xib */,
				1BC5183C14A35D240033EFC3 /* SetupViewController.h */,
				1BC5183D14A35D240033EFC3 /* SetupViewController.m */,
				1BC5183E14A35D240033EFC3 /* SetupViewController.xib */,
				1B42028114A97C040064C078 /* ShoeDetailViewController.h */,
				1B3EE44314DE25F000ACA601 /* ShoeDetailViewController.m */,
				1B42028314A97C050064C078 /* ShoeDetailViewController.xib */,
				1B1B144314B0D882009891D6 /* ShoeStore.h */,
				1B1B144414B0D882009891D6 /* ShoeStore.m */,
				1B715A5214AE65EE002207FA /* StandardDistancesViewController.h */,
				1B715A5314AE65EE002207FA /* StandardDistancesViewController.m */,
				1B715A5414AE65EE002207FA /* StandardDistancesViewController.xib */,
				1BCFA80814CED3DF00D56D6C /* UserDistanceSetting.h */,
				1BCFA80914CED3DF00D56D6C /* UserDistanceSetting.m */,
				1BCF6444148AF7E7004C0E6A /* Supporting Files */,
				1BC08E7914D42171007A4344 /* Shoe.h */,
				1BC08E7A14D42171007A4344 /* Shoe.m */,
			);
			path = RunShoeMileage;
			sourceTree = "<group>";
		};
		1BCF6444148AF7E7004C0E6A /* Supporting Files */ = {
			isa = PBXGroup;
			children = (
				1BCEEBAC14B678AB00672194 /* TreadTracker.xcdatamodeld */,
				1B2E8CA314C9105C00F0917C /* History.h */,
				1B2E8CA414C9105C00F0917C /* History.m */,
				1BCF6445148AF7E7004C0E6A /* ShoeCycle-Info.plist */,
				1BCF6446148AF7E7004C0E6A /* InfoPlist.strings */,
				1BCF6449148AF7E7004C0E6A /* main.m */,
				1BCF644B148AF7E7004C0E6A /* ShoeCycle-Prefix.pch */,
			);
			name = "Supporting Files";
			sourceTree = "<group>";
		};
/* End PBXGroup section */

/* Begin PBXNativeTarget section */
		1BCF6438148AF7E6004C0E6A /* ShoeCycle */ = {
			isa = PBXNativeTarget;
			buildConfigurationList = 1BCF6454148AF7E7004C0E6A /* Build configuration list for PBXNativeTarget "ShoeCycle" */;
			buildPhases = (
				1BCF6435148AF7E6004C0E6A /* Sources */,
				1BCF6436148AF7E6004C0E6A /* Frameworks */,
				1BCF6437148AF7E6004C0E6A /* Resources */,
			);
			buildRules = (
			);
			dependencies = (
			);
			name = ShoeCycle;
			productName = RunShoeMileage;
			productReference = 1BCF6439148AF7E7004C0E6A /* ShoeCycle.app */;
			productType = "com.apple.product-type.application";
		};
/* End PBXNativeTarget section */

/* Begin PBXProject section */
		1BCF6430148AF7E5004C0E6A /* Project object */ = {
			isa = PBXProject;
			attributes = {
				LastUpgradeCheck = 0600;
			};
			buildConfigurationList = 1BCF6433148AF7E5004C0E6A /* Build configuration list for PBXProject "ShoeCycle" */;
			compatibilityVersion = "Xcode 3.2";
			developmentRegion = English;
			hasScannedForEncodings = 0;
			knownRegions = (
				en,
			);
			mainGroup = 1BCF642E148AF7E5004C0E6A;
			productRefGroup = 1BCF643A148AF7E7004C0E6A /* Products */;
			projectDirPath = "";
			projectRoot = "";
			targets = (
				1BCF6438148AF7E6004C0E6A /* ShoeCycle */,
			);
		};
/* End PBXProject section */

/* Begin PBXResourcesBuildPhase section */
		1BCF6437148AF7E6004C0E6A /* Resources */ = {
			isa = PBXResourcesBuildPhase;
			buildActionMask = 2147483647;
			files = (
				1BCF6448148AF7E7004C0E6A /* InfoPlist.strings in Resources */,
				1BDDEC5F148BDF8C009E5436 /* AddDistanceViewController.xib in Resources */,
				1BE7C0591495B2B70002C332 /* MainWindow.xib in Resources */,
				1BC5184014A35D240033EFC3 /* SetupViewController.xib in Resources */,
				1B42028514A97C060064C078 /* ShoeDetailViewController.xib in Resources */,
				1B715A5614AE65EF002207FA /* StandardDistancesViewController.xib in Resources */,
				1BD976D714BB1C720012E958 /* Default.png in Resources */,
				1B2E8CAA14C98E4500F0917C /* RunHistoryViewController.xib in Resources */,
				1B2CC9F714D63A04004F26E2 /* Icon.png in Resources */,
				1B2CC9FA14D63A08004F26E2 /* Icon@2x.png in Resources */,
				1B0457E314E76EA000D2ECF1 /* addDistanceBackground.png in Resources */,
				1B0457E414E76EA000D2ECF1 /* addDistanceBackground@2x.png in Resources */,
				1B0457E714E76EE300D2ECF1 /* button-add-run.png in Resources */,
				1B0457E814E76EE300D2ECF1 /* button-add-run@2x.png in Resources */,
				1B0457F314E7706F00D2ECF1 /* button-distance.png in Resources */,
				1B0457F414E7706F00D2ECF1 /* button-distance@2x.png in Resources */,
				1B7D4B1C19D27F42000094DE /* RunDatePickerViewController.xib in Resources */,
				1B0457F514E7706F00D2ECF1 /* button-history.png in Resources */,
				1BB0745518D4F8280037E1F2 /* black_mamba@2X.png in Resources */,
				1B0457F614E7706F00D2ECF1 /* button-history@2x.png in Resources */,
				1B0457F714E7706F00D2ECF1 /* tabbar-add.png in Resources */,
				1B0457F814E7706F00D2ECF1 /* tabbar-add@2x.png in Resources */,
				1B0457F914E7706F00D2ECF1 /* tabbar-gear.png in Resources */,
				1B0457FA14E7706F00D2ECF1 /* tabbar-gear@2x.png in Resources */,
				1B0457FB14E7706F00D2ECF1 /* tabbar-shoe.png in Resources */,
				1B0457FC14E7706F00D2ECF1 /* tabbar-shoe@2x.png in Resources */,
				1B822C4314ECB03500D4AFDF /* icon.png in Resources */,
				1B822C4614ECB03B00D4AFDF /* icon@2x.png in Resources */,
				1B046D4714F1B0E400850B10 /* Default@2x.png in Resources */,
				1B046D4B14F1B8E900850B10 /* plain-wallpaper.png in Resources */,
				1B046D4C14F1B8E900850B10 /* plain-wallpaper@2x.png in Resources */,
				1BB0745618D4F8280037E1F2 /* black_mamba.png in Resources */,
				1BC8647F14F31E7700F4D6DC /* add-shoe-wallpaper.png in Resources */,
				1BC8648014F31E7700F4D6DC /* add-shoe-wallpaper@2x.png in Resources */,
				1BC94F5814F491C2004CEE6F /* settings-wallpaper.png in Resources */,
				1BC94F5914F491C2004CEE6F /* settings-wallpaper@2x.png in Resources */,
				1BC94F5D14F499ED004CEE6F /* popular-distances-wallpaper.png in Resources */,
				1BC94F5E14F499ED004CEE6F /* popular-distances-wallpaper@2x.png in Resources */,
				1B7D4B1E19D3C66A000094DE /* Default-568h@2x.png in Resources */,
				1BC94F6114F49A20004CEE6F /* button-fav.png in Resources */,
				1BC94F6214F49A20004CEE6F /* button-fav@2x.png in Resources */,
				1B5608BA150C491500C58E52 /* Icon-settings.png in Resources */,
				1B5608BB150C491500C58E52 /* Icon-settings@2x.png in Resources */,
				1B5608BC150C491500C58E52 /* Icon-spot~ipad.png in Resources */,
				1B5608BD150C491500C58E52 /* Icon~ipad.png in Resources */,
			);
			runOnlyForDeploymentPostprocessing = 0;
		};
/* End PBXResourcesBuildPhase section */

/* Begin PBXSourcesBuildPhase section */
		1BCF6435148AF7E6004C0E6A /* Sources */ = {
			isa = PBXSourcesBuildPhase;
			buildActionMask = 2147483647;
			files = (
				1BCF644A148AF7E7004C0E6A /* main.m in Sources */,
				1BCF644E148AF7E7004C0E6A /* RunShoeMileageAppDelegate.m in Sources */,
				1BDDEC5E148BDF8B009E5436 /* AddDistanceViewController.m in Sources */,
				1BC5183914A35CF80033EFC3 /* EditShoesViewController.m in Sources */,
				1BC5183F14A35D240033EFC3 /* SetupViewController.m in Sources */,
				1B715A5514AE65EF002207FA /* StandardDistancesViewController.m in Sources */,
				1B1B144514B0D882009891D6 /* ShoeStore.m in Sources */,
				1B23E02C14B5257F00B51A6E /* ImageStore.m in Sources */,
				1B7D4B1B19D27F42000094DE /* RunDatePickerViewController.m in Sources */,
				1BCEEBAE14B678AB00672194 /* TreadTracker.xcdatamodeld in Sources */,
				1BCEEBB914B69B0200672194 /* FileHelpers.m in Sources */,
				1B2E8CA514C9105C00F0917C /* History.m in Sources */,
				1B2E8CA914C98E4500F0917C /* RunHistoryViewController.m in Sources */,
				1BCFA80A14CED3DF00D56D6C /* UserDistanceSetting.m in Sources */,
				1BC08E7B14D42171007A4344 /* Shoe.m in Sources */,
				1B3EE44414DE25F000ACA601 /* ShoeDetailViewController.m in Sources */,
			);
			runOnlyForDeploymentPostprocessing = 0;
		};
/* End PBXSourcesBuildPhase section */

/* Begin PBXVariantGroup section */
		1BCF6446148AF7E7004C0E6A /* InfoPlist.strings */ = {
			isa = PBXVariantGroup;
			children = (
				1BCF6447148AF7E7004C0E6A /* en */,
			);
			name = InfoPlist.strings;
			sourceTree = "<group>";
		};
		1BCF644F148AF7E7004C0E6A /* MainWindow.xib */ = {
			isa = PBXVariantGroup;
			children = (
				1BCF6450148AF7E7004C0E6A /* en */,
			);
			name = MainWindow.xib;
			sourceTree = "<group>";
		};
/* End PBXVariantGroup section */

/* Begin XCBuildConfiguration section */
		1B77CC0914EB65D000FA6E06 /* AdHocDistro */ = {
			isa = XCBuildConfiguration;
			buildSettings = {
				ALWAYS_SEARCH_USER_PATHS = NO;
				CLANG_ENABLE_OBJC_ARC = YES;
				CLANG_WARN_OBJCPP_ARC_ABI = YES;
				CODE_SIGN_IDENTITY = "iPhone Distribution";
				"CODE_SIGN_IDENTITY[sdk=*]" = "iPhone Developer";
				COPY_PHASE_STRIP = YES;
				GCC_C_LANGUAGE_STANDARD = gnu99;
				GCC_VERSION = com.apple.compilers.llvmgcc42;
				GCC_WARN_ABOUT_MISSING_PROTOTYPES = YES;
				GCC_WARN_ABOUT_RETURN_TYPE = YES;
				GCC_WARN_UNUSED_VARIABLE = YES;
				IPHONEOS_DEPLOYMENT_TARGET = 8.0;
				OTHER_CFLAGS = "-DNS_BLOCK_ASSERTIONS=1";
				PROVISIONING_PROFILE = "";
				"PROVISIONING_PROFILE[sdk=*]" = "";
				SDKROOT = iphoneos;
				VALIDATE_PRODUCT = YES;
			};
			name = AdHocDistro;
		};
		1B77CC0A14EB65D000FA6E06 /* AdHocDistro */ = {
			isa = XCBuildConfiguration;
			buildSettings = {
				CLANG_WARN_OBJCPP_ARC_ABI = YES;
				GCC_PRECOMPILE_PREFIX_HEADER = YES;
				GCC_PREFIX_HEADER = "RunShoeMileage/ShoeCycle-Prefix.pch";
				GCC_VERSION = com.apple.compilers.llvm.clang.1_0;
				INFOPLIST_FILE = "RunShoeMileage/ShoeCycle-Info.plist";
				IPHONEOS_DEPLOYMENT_TARGET = 8.0;
				PRODUCT_NAME = ShoeCycle;
				WRAPPER_EXTENSION = app;
			};
			name = AdHocDistro;
		};
		1BCF6452148AF7E7004C0E6A /* Debug */ = {
			isa = XCBuildConfiguration;
			buildSettings = {
				ALWAYS_SEARCH_USER_PATHS = NO;
				CLANG_ENABLE_OBJC_ARC = YES;
				CLANG_WARN_OBJCPP_ARC_ABI = YES;
				CODE_SIGN_IDENTITY = "iPhone Distribution";
				"CODE_SIGN_IDENTITY[sdk=iphoneos*]" = "iPhone Developer";
				COPY_PHASE_STRIP = NO;
				GCC_C_LANGUAGE_STANDARD = gnu99;
				GCC_DYNAMIC_NO_PIC = NO;
				GCC_OPTIMIZATION_LEVEL = 0;
				GCC_PREPROCESSOR_DEFINITIONS = (
					"DEBUG=1",
					"$(inherited)",
				);
				GCC_SYMBOLS_PRIVATE_EXTERN = NO;
				GCC_VERSION = com.apple.compilers.llvmgcc42;
				GCC_WARN_ABOUT_MISSING_PROTOTYPES = YES;
				GCC_WARN_ABOUT_RETURN_TYPE = YES;
				GCC_WARN_UNUSED_VARIABLE = YES;
				IPHONEOS_DEPLOYMENT_TARGET = 8.0;
				ONLY_ACTIVE_ARCH = YES;
				PROVISIONING_PROFILE = "";
				SDKROOT = iphoneos;
			};
			name = Debug;
		};
		1BCF6453148AF7E7004C0E6A /* Release */ = {
			isa = XCBuildConfiguration;
			buildSettings = {
				ALWAYS_SEARCH_USER_PATHS = NO;
				CLANG_ENABLE_OBJC_ARC = YES;
				CLANG_WARN_OBJCPP_ARC_ABI = YES;
				CODE_SIGN_IDENTITY = "iPhone Distribution";
				"CODE_SIGN_IDENTITY[sdk=iphoneos*]" = "iPhone Developer";
				COPY_PHASE_STRIP = YES;
				GCC_C_LANGUAGE_STANDARD = gnu99;
				GCC_VERSION = com.apple.compilers.llvmgcc42;
				GCC_WARN_ABOUT_MISSING_PROTOTYPES = YES;
				GCC_WARN_ABOUT_RETURN_TYPE = YES;
				GCC_WARN_UNUSED_VARIABLE = YES;
				IPHONEOS_DEPLOYMENT_TARGET = 8.0;
				OTHER_CFLAGS = "-DNS_BLOCK_ASSERTIONS=1";
				PROVISIONING_PROFILE = "";
				SDKROOT = iphoneos;
				VALIDATE_PRODUCT = YES;
			};
			name = Release;
		};
		1BCF6455148AF7E7004C0E6A /* Debug */ = {
			isa = XCBuildConfiguration;
			buildSettings = {
				CLANG_WARN_OBJCPP_ARC_ABI = YES;
				GCC_PRECOMPILE_PREFIX_HEADER = YES;
				GCC_PREFIX_HEADER = "RunShoeMileage/ShoeCycle-Prefix.pch";
				GCC_VERSION = com.apple.compilers.llvm.clang.1_0;
				INFOPLIST_FILE = "RunShoeMileage/ShoeCycle-Info.plist";
				IPHONEOS_DEPLOYMENT_TARGET = 8.0;
				PRODUCT_NAME = ShoeCycle;
				WRAPPER_EXTENSION = app;
			};
			name = Debug;
		};
		1BCF6456148AF7E7004C0E6A /* Release */ = {
			isa = XCBuildConfiguration;
			buildSettings = {
				CLANG_WARN_OBJCPP_ARC_ABI = YES;
				"CODE_SIGN_IDENTITY[sdk=iphoneos*]" = "iPhone Developer";
				GCC_PRECOMPILE_PREFIX_HEADER = YES;
				GCC_PREFIX_HEADER = "RunShoeMileage/ShoeCycle-Prefix.pch";
				GCC_VERSION = com.apple.compilers.llvm.clang.1_0;
				INFOPLIST_FILE = "RunShoeMileage/ShoeCycle-Info.plist";
				IPHONEOS_DEPLOYMENT_TARGET = 8.0;
				PRODUCT_NAME = ShoeCycle;
				"PROVISIONING_PROFILE[sdk=iphoneos*]" = "";
				WRAPPER_EXTENSION = app;
			};
			name = Release;
		};
/* End XCBuildConfiguration section */

/* Begin XCConfigurationList section */
		1BCF6433148AF7E5004C0E6A /* Build configuration list for PBXProject "ShoeCycle" */ = {
			isa = XCConfigurationList;
			buildConfigurations = (
				1BCF6452148AF7E7004C0E6A /* Debug */,
				1BCF6453148AF7E7004C0E6A /* Release */,
				1B77CC0914EB65D000FA6E06 /* AdHocDistro */,
			);
			defaultConfigurationIsVisible = 0;
			defaultConfigurationName = Release;
		};
		1BCF6454148AF7E7004C0E6A /* Build configuration list for PBXNativeTarget "ShoeCycle" */ = {
			isa = XCConfigurationList;
			buildConfigurations = (
				1BCF6455148AF7E7004C0E6A /* Debug */,
				1BCF6456148AF7E7004C0E6A /* Release */,
				1B77CC0A14EB65D000FA6E06 /* AdHocDistro */,
			);
			defaultConfigurationIsVisible = 0;
			defaultConfigurationName = Release;
		};
/* End XCConfigurationList section */

/* Begin XCVersionGroup section */
		1BCEEBAC14B678AB00672194 /* TreadTracker.xcdatamodeld */ = {
			isa = XCVersionGroup;
			children = (
				1BCEEBAD14B678AB00672194 /* TreadTracker.xcdatamodel */,
			);
			currentVersion = 1BCEEBAD14B678AB00672194 /* TreadTracker.xcdatamodel */;
			path = TreadTracker.xcdatamodeld;
			sourceTree = "<group>";
			versionGroupType = wrapper.xcdatamodel;
		};
/* End XCVersionGroup section */
	};
	rootObject = 1BCF6430148AF7E5004C0E6A /* Project object */;
}
